// !$*UTF8*$!
{
	archiveVersion = 1;
	classes = {
	};
	objectVersion = 46;
	objects = {

/* Begin PBXBuildFile section */
		7E91E3F015927C15005104AF /* UIKit.framework in Frameworks */ = {isa = PBXBuildFile; fileRef = 7E91E3EF15927C15005104AF /* UIKit.framework */; };
		7E91E3F215927C15005104AF /* Foundation.framework in Frameworks */ = {isa = PBXBuildFile; fileRef = 7E91E3F115927C15005104AF /* Foundation.framework */; };
		7E91E3F415927C15005104AF /* CoreGraphics.framework in Frameworks */ = {isa = PBXBuildFile; fileRef = 7E91E3F315927C15005104AF /* CoreGraphics.framework */; };
		7E91E3FA15927C15005104AF /* InfoPlist.strings in Resources */ = {isa = PBXBuildFile; fileRef = 7E91E3F815927C15005104AF /* InfoPlist.strings */; };
		7E91E3FC15927C15005104AF /* main.m in Sources */ = {isa = PBXBuildFile; fileRef = 7E91E3FB15927C15005104AF /* main.m */; };
		7E91E40015927C15005104AF /* BDCAppDelegate.m in Sources */ = {isa = PBXBuildFile; fileRef = 7E91E3FF15927C15005104AF /* BDCAppDelegate.m */; };
		7E91E40315927C15005104AF /* MainStoryboard_iPhone.storyboard in Resources */ = {isa = PBXBuildFile; fileRef = 7E91E40115927C15005104AF /* MainStoryboard_iPhone.storyboard */; };
		7E91E40615927C15005104AF /* MainStoryboard_iPad.storyboard in Resources */ = {isa = PBXBuildFile; fileRef = 7E91E40415927C15005104AF /* MainStoryboard_iPad.storyboard */; };
		7E91E40915927C15005104AF /* BDCViewController.m in Sources */ = {isa = PBXBuildFile; fileRef = 7E91E40815927C15005104AF /* BDCViewController.m */; };
/* End PBXBuildFile section */

/* Begin PBXFileReference section */
		7E91E3EB15927C15005104AF /* BDC.app */ = {isa = PBXFileReference; explicitFileType = wrapper.application; includeInIndex = 0; path = BDC.app; sourceTree = BUILT_PRODUCTS_DIR; };
		7E91E3EF15927C15005104AF /* UIKit.framework */ = {isa = PBXFileReference; lastKnownFileType = wrapper.framework; name = UIKit.framework; path = System/Library/Frameworks/UIKit.framework; sourceTree = SDKROOT; };
		7E91E3F115927C15005104AF /* Foundation.framework */ = {isa = PBXFileReference; lastKnownFileType = wrapper.framework; name = Foundation.framework; path = System/Library/Frameworks/Foundation.framework; sourceTree = SDKROOT; };
		7E91E3F315927C15005104AF /* CoreGraphics.framework */ = {isa = PBXFileReference; lastKnownFileType = wrapper.framework; name = CoreGraphics.framework; path = System/Library/Frameworks/CoreGraphics.framework; sourceTree = SDKROOT; };
		7E91E3F715927C15005104AF /* BDC-Info.plist */ = {isa = PBXFileReference; path = "BDC-Info.plist"; sourceTree = "<group>"; };
		7E91E3F915927C15005104AF /* en */ = {isa = PBXFileReference; lastKnownFileType = text.plist.strings; name = en; path = en.lproj/InfoPlist.strings; sourceTree = "<group>"; };
		7E91E3FB15927C15005104AF /* main.m */ = {isa = PBXFileReference; lastKnownFileType = sourcecode.c.objc; path = main.m; sourceTree = "<group>"; };
		7E91E3FD15927C15005104AF /* BDC-Prefix.pch */ = {isa = PBXFileReference; path = "BDC-Prefix.pch"; sourceTree = "<group>"; };
		7E91E3FE15927C15005104AF /* BDCAppDelegate.h */ = {isa = PBXFileReference; path = BDCAppDelegate.h; sourceTree = "<group>"; };
		7E91E3FF15927C15005104AF /* BDCAppDelegate.m */ = {isa = PBXFileReference; lastKnownFileType = sourcecode.c.objc; path = BDCAppDelegate.m; sourceTree = "<group>"; };
		7E91E40215927C15005104AF /* en */ = {isa = PBXFileReference; lastKnownFileType = file.storyboard; name = en; path = en.lproj/MainStoryboard_iPhone.storyboard; sourceTree = "<group>"; };
		7E91E40515927C15005104AF /* en */ = {isa = PBXFileReference; lastKnownFileType = file.storyboard; name = en; path = en.lproj/MainStoryboard_iPad.storyboard; sourceTree = "<group>"; };
		7E91E40715927C15005104AF /* BDCViewController.h */ = {isa = PBXFileReference; path = BDCViewController.h; sourceTree = "<group>"; };
		7E91E40815927C15005104AF /* BDCViewController.m */ = {isa = PBXFileReference; lastKnownFileType = sourcecode.c.objc; path = BDCViewController.m; sourceTree = "<group>"; };
/* End PBXFileReference section */

/* Begin PBXFrameworksBuildPhase section */
		7E91E3E815927C15005104AF /* Frameworks */ = {
			isa = PBXFrameworksBuildPhase;
			buildActionMask = 2147483647;
			files = (
				7E91E3F015927C15005104AF /* UIKit.framework in Frameworks */,
				7E91E3F215927C15005104AF /* Foundation.framework in Frameworks */,
				7E91E3F415927C15005104AF /* CoreGraphics.framework in Frameworks */,
			);
			runOnlyForDeploymentPostprocessing = 0;
		};
/* End PBXFrameworksBuildPhase section */

/* Begin PBXGroup section */
		7E91E3E015927C15005104AF = {
			isa = PBXGroup;
			children = (
				7E91E3F515927C15005104AF /* BDC */,
				7E91E3EE15927C15005104AF /* Frameworks */,
				7E91E3EC15927C15005104AF /* Products */,
			);
			sourceTree = "<group>";
		};
		7E91E3EC15927C15005104AF /* Products */ = {
			isa = PBXGroup;
			children = (
				7E91E3EB15927C15005104AF /* BDC.app */,
			);
			name = Products;
			sourceTree = "<group>";
		};
		7E91E3EE15927C15005104AF /* Frameworks */ = {
			isa = PBXGroup;
			children = (
				7E91E3EF15927C15005104AF /* UIKit.framework */,
				7E91E3F115927C15005104AF /* Foundation.framework */,
				7E91E3F315927C15005104AF /* CoreGraphics.framework */,
			);
			name = Frameworks;
			sourceTree = "<group>";
		};
		7E91E3F515927C15005104AF /* BDC */ = {
			isa = PBXGroup;
			children = (
				7E91E3FE15927C15005104AF /* BDCAppDelegate.h */,
				7E91E3FF15927C15005104AF /* BDCAppDelegate.m */,
				7E91E40115927C15005104AF /* MainStoryboard_iPhone.storyboard */,
				7E91E40415927C15005104AF /* MainStoryboard_iPad.storyboard */,
				7E91E40715927C15005104AF /* BDCViewController.h */,
				7E91E40815927C15005104AF /* BDCViewController.m */,
				7E91E3F615927C15005104AF /* Supporting Files */,
			);
			path = BDC;
			sourceTree = "<group>";
		};
		7E91E3F615927C15005104AF /* Supporting Files */ = {
			isa = PBXGroup;
			children = (
				7E91E3F715927C15005104AF /* BDC-Info.plist */,
				7E91E3F815927C15005104AF /* InfoPlist.strings */,
				7E91E3FB15927C15005104AF /* main.m */,
				7E91E3FD15927C15005104AF /* BDC-Prefix.pch */,
			);
			name = "Supporting Files";
			sourceTree = "<group>";
		};
/* End PBXGroup section */

/* Begin PBXNativeTarget section */
		7E91E3EA15927C15005104AF /* BDC */ = {
			isa = PBXNativeTarget;
			buildConfigurationList = 7E91E40C15927C15005104AF /* Build configuration list for PBXNativeTarget "BDC" */;
			buildPhases = (
				7E91E3E715927C15005104AF /* Sources */,
				7E91E3E815927C15005104AF /* Frameworks */,
				7E91E3E915927C15005104AF /* Resources */,
			);
			buildRules = (
			);
			dependencies = (
			);
			name = BDC;
			productName = BDC;
			productReference = 7E91E3EB15927C15005104AF /* BDC.app */;
			productType = "com.apple.product-type.application";
		};
/* End PBXNativeTarget section */

/* Begin PBXProject section */
		7E91E3E215927C15005104AF /* Project object */ = {
			isa = PBXProject;
			attributes = {
				CLASSPREFIX = BDC;
				LastUpgradeCheck = 0430;
			};
			buildConfigurationList = 7E91E3E515927C15005104AF /* Build configuration list for PBXProject "BDC" */;
			compatibilityVersion = "Xcode 3.2";
			developmentRegion = English;
			hasScannedForEncodings = 0;
			knownRegions = (
				en,
			);
			mainGroup = 7E91E3E015927C15005104AF;
			productRefGroup = 7E91E3EC15927C15005104AF /* Products */;
			projectDirPath = "";
			projectRoot = "";
			targets = (
				7E91E3EA15927C15005104AF /* BDC */,
			);
		};
/* End PBXProject section */

/* Begin PBXResourcesBuildPhase section */
		7E91E3E915927C15005104AF /* Resources */ = {
			isa = PBXResourcesBuildPhase;
			buildActionMask = 2147483647;
			files = (
				7E91E3FA15927C15005104AF /* InfoPlist.strings in Resources */,
				7E91E40315927C15005104AF /* MainStoryboard_iPhone.storyboard in Resources */,
				7E91E40615927C15005104AF /* MainStoryboard_iPad.storyboard in Resources */,
			);
			runOnlyForDeploymentPostprocessing = 0;
		};
/* End PBXResourcesBuildPhase section */

/* Begin PBXSourcesBuildPhase section */
		7E91E3E715927C15005104AF /* Sources */ = {
			isa = PBXSourcesBuildPhase;
			buildActionMask = 2147483647;
			files = (
				7E91E3FC15927C15005104AF /* main.m in Sources */,
				7E91E40015927C15005104AF /* BDCAppDelegate.m in Sources */,
				7E91E40915927C15005104AF /* BDCViewController.m in Sources */,
			);
			runOnlyForDeploymentPostprocessing = 0;
		};
/* End PBXSourcesBuildPhase section */

/* Begin PBXVariantGroup section */
		7E91E3F815927C15005104AF /* InfoPlist.strings */ = {
			isa = PBXVariantGroup;
			children = (
				7E91E3F915927C15005104AF /* en */,
			);
			name = InfoPlist.strings;
			sourceTree = "<group>";
		};
		7E91E40115927C15005104AF /* MainStoryboard_iPhone.storyboard */ = {
			isa = PBXVariantGroup;
			children = (
				7E91E40215927C15005104AF /* en */,
			);
			name = MainStoryboard_iPhone.storyboard;
			sourceTree = "<group>";
		};
		7E91E40415927C15005104AF /* MainStoryboard_iPad.storyboard */ = {
			isa = PBXVariantGroup;
			children = (
				7E91E40515927C15005104AF /* en */,
			);
			name = MainStoryboard_iPad.storyboard;
			sourceTree = "<group>";
		};
/* End PBXVariantGroup section */

/* Begin XCBuildConfiguration section */
		7E91E40A15927C15005104AF /* Debug */ = {
			isa = XCBuildConfiguration;
			buildSettings = {
				ALWAYS_SEARCH_USER_PATHS = NO;
				ARCHS = "$(ARCHS_STANDARD_32_BIT)";
				CLANG_ENABLE_OBJC_ARC = YES;
				"CODE_SIGN_IDENTITY[sdk=iphoneos*]" = "iPhone Developer";
				COPY_PHASE_STRIP = NO;
				GCC_C_LANGUAGE_STANDARD = gnu99;
				GCC_DYNAMIC_NO_PIC = NO;
				GCC_OPTIMIZATION_LEVEL = 0;
				GCC_PREPROCESSOR_DEFINITIONS = (
					"DEBUG=1",
					"$(inherited)",
				);
				GCC_SYMBOLS_PRIVATE_EXTERN = NO;
				GCC_VERSION = com.apple.compilers.llvm.clang.1_0;
				GCC_WARN_ABOUT_RETURN_TYPE = YES;
				GCC_WARN_UNINITIALIZED_AUTOS = YES;
				GCC_WARN_UNUSED_VARIABLE = YES;
				IPHONEOS_DEPLOYMENT_TARGET = 5.1;
				SDKROOT = iphoneos;
				TARGETED_DEVICE_FAMILY = "1,2";
			};
			name = Debug;
		};
		7E91E40B15927C15005104AF /* Release */ = {
			isa = XCBuildConfiguration;
			buildSettings = {
				ALWAYS_SEARCH_USER_PATHS = NO;
				ARCHS = "$(ARCHS_STANDARD_32_BIT)";
				CLANG_ENABLE_OBJC_ARC = YES;
				"CODE_SIGN_IDENTITY[sdk=iphoneos*]" = "iPhone Developer";
				COPY_PHASE_STRIP = YES;
				GCC_C_LANGUAGE_STANDARD = gnu99;
				GCC_VERSION = com.apple.compilers.llvm.clang.1_0;
				GCC_WARN_ABOUT_RETURN_TYPE = YES;
				GCC_WARN_UNINITIALIZED_AUTOS = YES;
				GCC_WARN_UNUSED_VARIABLE = YES;
				IPHONEOS_DEPLOYMENT_TARGET = 5.1;
				OTHER_CFLAGS = "-DNS_BLOCK_ASSERTIONS=1";
				SDKROOT = iphoneos;
				TARGETED_DEVICE_FAMILY = "1,2";
				VALIDATE_PRODUCT = YES;
			};
			name = Release;
		};
		7E91E40D15927C15005104AF /* Debug */ = {
			isa = XCBuildConfiguration;
			buildSettings = {
				GCC_PRECOMPILE_PREFIX_HEADER = YES;
				GCC_PREFIX_HEADER = "BDC/BDC-Prefix.pch";
				INFOPLIST_FILE = "BDC/BDC-Info.plist";
				PRODUCT_NAME = "$(TARGET_NAME)";
				WRAPPER_EXTENSION = app;
			};
			name = Debug;
		};
		7E91E40E15927C15005104AF /* Release */ = {
			isa = XCBuildConfiguration;
			buildSettings = {
				GCC_PRECOMPILE_PREFIX_HEADER = YES;
				GCC_PREFIX_HEADER = "BDC/BDC-Prefix.pch";
				INFOPLIST_FILE = "BDC/BDC-Info.plist";
				PRODUCT_NAME = "$(TARGET_NAME)";
				WRAPPER_EXTENSION = app;
			};
			name = Release;
		};
/* End XCBuildConfiguration section */

/* Begin XCConfigurationList section */
		7E91E3E515927C15005104AF /* Build configuration list for PBXProject "BDC" */ = {
			isa = XCConfigurationList;
			buildConfigurations = (
				7E91E40A15927C15005104AF /* Debug */,
				7E91E40B15927C15005104AF /* Release */,
			);
			defaultConfigurationIsVisible = 0;
			defaultConfigurationName = Release;
		};
		7E91E40C15927C15005104AF /* Build configuration list for PBXNativeTarget "BDC" */ = {
			isa = XCConfigurationList;
			buildConfigurations = (
				7E91E40D15927C15005104AF /* Debug */,
				7E91E40E15927C15005104AF /* Release */,
			);
			defaultConfigurationIsVisible = 0;
		};
/* End XCConfigurationList section */
	};
	rootObject = 7E91E3E215927C15005104AF /* Project object */;
}
