// !$*UTF8*$!
{
	archiveVersion = 1;
	classes = {
	};
	objectVersion = 46;
	objects = {

/* Begin PBXBuildFile section */
		0E01C34F172214FF00184702 /* .gitignore in Resources */ = {isa = PBXBuildFile; fileRef = 0E01C34E172214FF00184702 /* .gitignore */; };
		0E0B9E9D17751CE900C2AF30 /* TermOfServiceViewController.m in Sources */ = {isa = PBXBuildFile; fileRef = 0E0B9E9C17751CE900C2AF30 /* TermOfServiceViewController.m */; };
		0E14EC601603ED960098EB03 /* warning.png in Resources */ = {isa = PBXBuildFile; fileRef = 0E14EC5E1603ED960098EB03 /* warning.png */; };
		0E14EC611603ED960098EB03 /* success.png in Resources */ = {isa = PBXBuildFile; fileRef = 0E14EC5F1603ED960098EB03 /* success.png */; };
		0E188B8C176C435300493EE1 /* BDCBusinessObjectWithAttachmentsAndAddress.m in Sources */ = {isa = PBXBuildFile; fileRef = 0E188B8B176C435300493EE1 /* BDCBusinessObjectWithAttachmentsAndAddress.m */; };
		0E1A79171633790D001B24BF /* EditItemViewController.m in Sources */ = {isa = PBXBuildFile; fileRef = 0E1A79161633790C001B24BF /* EditItemViewController.m */; };
		0E2C0AC315EC44390059C739 /* Invoice.m in Sources */ = {isa = PBXBuildFile; fileRef = 0E2C0AC215EC44390059C739 /* Invoice.m */; };
		0E2C0ACB15F12D9B0059C739 /* InvoicesTableViewController.m in Sources */ = {isa = PBXBuildFile; fileRef = 0E2C0ACA15F12D9B0059C739 /* InvoicesTableViewController.m */; };
		0E3552CC1778B7F9007D1CB2 /* VendorsIcon.png in Resources */ = {isa = PBXBuildFile; fileRef = 0E3552CB1778B7F9007D1CB2 /* VendorsIcon.png */; };
		0E3552D21778BE81007D1CB2 /* TermofServiceIcon.png in Resources */ = {isa = PBXBuildFile; fileRef = 0E3552D11778BE81007D1CB2 /* TermofServiceIcon.png */; };
		0E3A156E173F753B007F2DC6 /* BankAccount.m in Sources */ = {isa = PBXBuildFile; fileRef = 0E3A156D173F753B007F2DC6 /* BankAccount.m */; };
		0E3A15711742F958007F2DC6 /* Document.m in Sources */ = {isa = PBXBuildFile; fileRef = 0E3A15701742F958007F2DC6 /* Document.m */; };
		0E3A157B1744563C007F2DC6 /* txt_icon.png in Resources */ = {isa = PBXBuildFile; fileRef = 0E3A157A1744563C007F2DC6 /* txt_icon.png */; };
		0E3A157D17455CA0007F2DC6 /* QuickLook.framework in Frameworks */ = {isa = PBXBuildFile; fileRef = 0E3A157C17455CA0007F2DC6 /* QuickLook.framework */; };
		0E56F3F51600047B0066B355 /* MessageUI.framework in Frameworks */ = {isa = PBXBuildFile; fileRef = 0E56F3F41600047B0066B355 /* MessageUI.framework */; };
		0E5F511A17757C97001095C9 /* Term_of_service.txt in Resources */ = {isa = PBXBuildFile; fileRef = 0E5F511917757C97001095C9 /* Term_of_service.txt */; };
		0E5F512A177813FB001095C9 /* ProfileIcon.png in Resources */ = {isa = PBXBuildFile; fileRef = 0E5F5129177813FB001095C9 /* ProfileIcon.png */; };
		0E5F512D17782623001095C9 /* InvoicesIcon.png in Resources */ = {isa = PBXBuildFile; fileRef = 0E5F512B17782623001095C9 /* InvoicesIcon.png */; };
		0E5F512E17782623001095C9 /* BillsIcon.png in Resources */ = {isa = PBXBuildFile; fileRef = 0E5F512C17782623001095C9 /* BillsIcon.png */; };
		0E5F5132177827D8001095C9 /* CustomersIcon.png in Resources */ = {isa = PBXBuildFile; fileRef = 0E5F512F177827D7001095C9 /* CustomersIcon.png */; };
		0E5F5134177827D8001095C9 /* ItemsIcon.png in Resources */ = {isa = PBXBuildFile; fileRef = 0E5F5131177827D8001095C9 /* ItemsIcon.png */; };
		0E5F513617782A95001095C9 /* MyCompaniesIcon.png in Resources */ = {isa = PBXBuildFile; fileRef = 0E5F513517782A95001095C9 /* MyCompaniesIcon.png */; };
		0E5F513E1778329C001095C9 /* FeedbackIcon.png in Resources */ = {isa = PBXBuildFile; fileRef = 0E5F513B1778329C001095C9 /* FeedbackIcon.png */; };
		0E5F51401778329C001095C9 /* LogOutIcon.png in Resources */ = {isa = PBXBuildFile; fileRef = 0E5F513D1778329C001095C9 /* LogOutIcon.png */; };
		0E5F51441778332F001095C9 /* ScannerIcon.png in Resources */ = {isa = PBXBuildFile; fileRef = 0E5F51431778332F001095C9 /* ScannerIcon.png */; };
		0E68460F1609863C00716412 /* SplashViewController.m in Sources */ = {isa = PBXBuildFile; fileRef = 0E68460E1609863C00716412 /* SplashViewController.m */; };
		0E6B083F177A5CC200681E9D /* CompanyIcon.png in Resources */ = {isa = PBXBuildFile; fileRef = 0E6B083E177A5CC200681E9D /* CompanyIcon.png */; };
		0E761CFD1731EF310041292A /* PayBillViewController.m in Sources */ = {isa = PBXBuildFile; fileRef = 0E761CFC1731EF310041292A /* PayBillViewController.m */; };
		0E7DCABB16030BD700D0B35E /* Security.framework in Frameworks */ = {isa = PBXBuildFile; fileRef = 0E7DCABA16030BD700D0B35E /* Security.framework */; };
		0E7DCAC11603A1DD00D0B35E /* KeychainItemWrapper.m in Sources */ = {isa = PBXBuildFile; fileRef = 0E7DCAC016030FCD00D0B35E /* KeychainItemWrapper.m */; };
		0E7DCAC41603CCC400D0B35E /* UIHelper.m in Sources */ = {isa = PBXBuildFile; fileRef = 0E7DCAC31603CCC400D0B35E /* UIHelper.m */; };
		0E7F8B3F1727B3920090464C /* EditBillViewController.m in Sources */ = {isa = PBXBuildFile; fileRef = 0E7F8B3E1727B3920090464C /* EditBillViewController.m */; };
		0E7F8B42172860B00090464C /* Vendor.m in Sources */ = {isa = PBXBuildFile; fileRef = 0E7F8B41172860B00090464C /* Vendor.m */; };
		0E7F8B47172C2B5C0090464C /* EditVendorViewController.m in Sources */ = {isa = PBXBuildFile; fileRef = 0E7F8B46172C2B5C0090464C /* EditVendorViewController.m */; };
		0E847CEE171785C400C7FA53 /* SlidingListTableViewController.m in Sources */ = {isa = PBXBuildFile; fileRef = 0E847CED171785C300C7FA53 /* SlidingListTableViewController.m */; };
		0E847CF11717862A00C7FA53 /* SlidingDetailsTableViewController.m in Sources */ = {isa = PBXBuildFile; fileRef = 0E847CF01717862A00C7FA53 /* SlidingDetailsTableViewController.m */; };
		0E8ED1071619731900BFBDD0 /* AttachmentPreviewViewController.m in Sources */ = {isa = PBXBuildFile; fileRef = 0E8ED1061619731900BFBDD0 /* AttachmentPreviewViewController.m */; };
		0E8FBAD2160D10B00074C01B /* Item.m in Sources */ = {isa = PBXBuildFile; fileRef = 0E8FBAD1160D10B00074C01B /* Item.m */; };
		0E8FBAD5160D844C0074C01B /* CreateBillViewController.m in Sources */ = {isa = PBXBuildFile; fileRef = 0E8FBAD4160D844C0074C01B /* CreateBillViewController.m */; };
		0E8FBAD8160D84BC0074C01B /* EditInvoiceViewController.m in Sources */ = {isa = PBXBuildFile; fileRef = 0E8FBAD7160D84BC0074C01B /* EditInvoiceViewController.m */; };
		0E8FBADB160D94840074C01B /* BDCBusinessObject.m in Sources */ = {isa = PBXBuildFile; fileRef = 0E8FBADA160D94840074C01B /* BDCBusinessObject.m */; };
		0E8FBADE160DA06C0074C01B /* ItemsTableViewController.m in Sources */ = {isa = PBXBuildFile; fileRef = 0E8FBADD160DA06B0074C01B /* ItemsTableViewController.m */; };
		0E95DA2415F13C2C006D9752 /* VendorsTableViewController.m in Sources */ = {isa = PBXBuildFile; fileRef = 0E95DA2315F13C2C006D9752 /* VendorsTableViewController.m */; };
		0E967EA416F2DC0600882B10 /* ActionMenuViewController.m in Sources */ = {isa = PBXBuildFile; fileRef = 0E967EA316F2DC0600882B10 /* ActionMenuViewController.m */; };
		0E999E0F16DE5E8E00F1E39F /* UIView+FindAndResignFirstResponder.m in Sources */ = {isa = PBXBuildFile; fileRef = 0E999E0E16DE5E8E00F1E39F /* UIView+FindAndResignFirstResponder.m */; };
		0EA09F1515F927A100BBD180 /* Util.m in Sources */ = {isa = PBXBuildFile; fileRef = 0EA09F1415F927A100BBD180 /* Util.m */; };
		0EA09F1915FAAD0100BBD180 /* Customer.m in Sources */ = {isa = PBXBuildFile; fileRef = 0EA09F1815FAAD0100BBD180 /* Customer.m */; };
		0EA09F1F15FC792800BBD180 /* InvoiceDetailsViewController.m in Sources */ = {isa = PBXBuildFile; fileRef = 0EA09F1E15FC792700BBD180 /* InvoiceDetailsViewController.m */; };
		0EA29AAC16D2E6FA00386617 /* EditCustomerViewController.m in Sources */ = {isa = PBXBuildFile; fileRef = 0EA29AAB16D2E6FA00386617 /* EditCustomerViewController.m */; };
		0EA33397172733AC00FB92F3 /* APBusinessObject.m in Sources */ = {isa = PBXBuildFile; fileRef = 0EA33396172733AC00FB92F3 /* APBusinessObject.m */; };
		0EA3339A172754D100FB92F3 /* APLineItem.m in Sources */ = {isa = PBXBuildFile; fileRef = 0EA33399172754D100FB92F3 /* APLineItem.m */; };
		0EA3339D172755F800FB92F3 /* ChartOfAccount.m in Sources */ = {isa = PBXBuildFile; fileRef = 0EA3339C172755F800FB92F3 /* ChartOfAccount.m */; };
		0EAE1BAA170B9B780091B7FC /* UIViewController+Sliding.m in Sources */ = {isa = PBXBuildFile; fileRef = 0EAE1BA9170B9B780091B7FC /* UIViewController+Sliding.m */; };
		0EB2192917472EE600382C44 /* csv_icon.png in Resources */ = {isa = PBXBuildFile; fileRef = 0EB2192817472EE600382C44 /* csv_icon.png */; };
		0EB21936174B3B2300382C44 /* BDCBusinessObjectWithAttachments.m in Sources */ = {isa = PBXBuildFile; fileRef = 0EB21935174B3B2300382C44 /* BDCBusinessObjectWithAttachments.m */; };
		0EC19CA2177FFBE800D5B285 /* LRU.m in Sources */ = {isa = PBXBuildFile; fileRef = 0EC19CA1177FFBE800D5B285 /* LRU.m */; };
		0EC19CA5177FFD3F00D5B285 /* Node.m in Sources */ = {isa = PBXBuildFile; fileRef = 0EC19CA4177FFD3F00D5B285 /* Node.m */; };
		0EC19CA8177FFE0100D5B285 /* LinkedList.m in Sources */ = {isa = PBXBuildFile; fileRef = 0EC19CA7177FFE0100D5B285 /* LinkedList.m */; };
		0EC49AFB17B9F6950043B37A /* arrow_down_gray.png in Resources */ = {isa = PBXBuildFile; fileRef = 0EC49AF917B9F6940043B37A /* arrow_down_gray.png */; };
		0EC49AFC17B9F6950043B37A /* arrow_down_blue.png in Resources */ = {isa = PBXBuildFile; fileRef = 0EC49AFA17B9F6950043B37A /* arrow_down_blue.png */; };
		0EC49B0217C5E49F0043B37A /* Mobill_logo57.png in Resources */ = {isa = PBXBuildFile; fileRef = 0EC49B0117C5E49E0043B37A /* Mobill_logo57.png */; };
		0EC49B0417C5E4AF0043B37A /* Mobill_logo114.png in Resources */ = {isa = PBXBuildFile; fileRef = 0EC49B0317C5E4AF0043B37A /* Mobill_logo114.png */; };
		0EC88C9715F1374900A490EE /* AROverViewController.m in Sources */ = {isa = PBXBuildFile; fileRef = 0EC88C9615F1374900A490EE /* AROverViewController.m */; };
		0EC88C9A15F139C100A490EE /* CustomersTableViewController.m in Sources */ = {isa = PBXBuildFile; fileRef = 0EC88C9915F139C100A490EE /* CustomersTableViewController.m */; };
		0ECF42B3175BC22A00BA7C7B /* doc_icon.png in Resources */ = {isa = PBXBuildFile; fileRef = 0ECF42B2175BC22A00BA7C7B /* doc_icon.png */; };
		0ECF42B5175BC24600BA7C7B /* docx_icon.png in Resources */ = {isa = PBXBuildFile; fileRef = 0ECF42B4175BC24600BA7C7B /* docx_icon.png */; };
		0ECF42B7175BC27400BA7C7B /* exe_icon.png in Resources */ = {isa = PBXBuildFile; fileRef = 0ECF42B6175BC27400BA7C7B /* exe_icon.png */; };
		0ECF42B9175BC29500BA7C7B /* gif_icon.png in Resources */ = {isa = PBXBuildFile; fileRef = 0ECF42B8175BC29500BA7C7B /* gif_icon.png */; };
		0ECF42BB175BC2C100BA7C7B /* jpg_icon.png in Resources */ = {isa = PBXBuildFile; fileRef = 0ECF42BA175BC2C100BA7C7B /* jpg_icon.png */; };
		0ECF42BD175BC2D600BA7C7B /* jpeg_icon.png in Resources */ = {isa = PBXBuildFile; fileRef = 0ECF42BC175BC2D600BA7C7B /* jpeg_icon.png */; };
		0ECF42BF175BC35B00BA7C7B /* mov_icon.png in Resources */ = {isa = PBXBuildFile; fileRef = 0ECF42BE175BC35B00BA7C7B /* mov_icon.png */; };
		0ECF42C1175BC37500BA7C7B /* mp3_icon.png in Resources */ = {isa = PBXBuildFile; fileRef = 0ECF42C0175BC37500BA7C7B /* mp3_icon.png */; };
		0ECF42C3175BC38900BA7C7B /* pdf_icon.png in Resources */ = {isa = PBXBuildFile; fileRef = 0ECF42C2175BC38900BA7C7B /* pdf_icon.png */; };
		0ECF42C5175BC39900BA7C7B /* png_icon.png in Resources */ = {isa = PBXBuildFile; fileRef = 0ECF42C4175BC39900BA7C7B /* png_icon.png */; };
		0ECF42C7175BC3D100BA7C7B /* ppt_icon.png in Resources */ = {isa = PBXBuildFile; fileRef = 0ECF42C6175BC3D100BA7C7B /* ppt_icon.png */; };
		0ECF42C9175BC3E800BA7C7B /* pptx_icon.png in Resources */ = {isa = PBXBuildFile; fileRef = 0ECF42C8175BC3E800BA7C7B /* pptx_icon.png */; };
		0ECF42CB175BC40A00BA7C7B /* rar_icon.png in Resources */ = {isa = PBXBuildFile; fileRef = 0ECF42CA175BC40A00BA7C7B /* rar_icon.png */; };
		0ECF42CD175BC41F00BA7C7B /* tiff_icon.png in Resources */ = {isa = PBXBuildFile; fileRef = 0ECF42CC175BC41F00BA7C7B /* tiff_icon.png */; };
		0ECF42CF175BC43900BA7C7B /* unknown_file_icon.png in Resources */ = {isa = PBXBuildFile; fileRef = 0ECF42CE175BC43900BA7C7B /* unknown_file_icon.png */; };
		0ECF42D1175BC45000BA7C7B /* wav_icon.png in Resources */ = {isa = PBXBuildFile; fileRef = 0ECF42D0175BC45000BA7C7B /* wav_icon.png */; };
		0ECF42D3175BC46700BA7C7B /* wma_icon.png in Resources */ = {isa = PBXBuildFile; fileRef = 0ECF42D2175BC46700BA7C7B /* wma_icon.png */; };
		0ECF42D5175BC47700BA7C7B /* wmv_icon.png in Resources */ = {isa = PBXBuildFile; fileRef = 0ECF42D4175BC47700BA7C7B /* wmv_icon.png */; };
		0ECF42D7175BC48A00BA7C7B /* xls_icon.png in Resources */ = {isa = PBXBuildFile; fileRef = 0ECF42D6175BC48A00BA7C7B /* xls_icon.png */; };
		0ECF42D9175BC49A00BA7C7B /* xlsx_icon.png in Resources */ = {isa = PBXBuildFile; fileRef = 0ECF42D8175BC49A00BA7C7B /* xlsx_icon.png */; };
		0ECF42DB175BC4BC00BA7C7B /* zip_icon.png in Resources */ = {isa = PBXBuildFile; fileRef = 0ECF42DA175BC4BC00BA7C7B /* zip_icon.png */; };
		0ED59D4C162DDFB9008DE1C9 /* RootMenuViewController.m in Sources */ = {isa = PBXBuildFile; fileRef = 0ED59D4B162DDFB9008DE1C9 /* RootMenuViewController.m */; };
		0ED59D4F162DFD4F008DE1C9 /* SlidingViewController.m in Sources */ = {isa = PBXBuildFile; fileRef = 0ED59D4E162DFD4E008DE1C9 /* SlidingViewController.m */; };
		0EE1186017266650001AF86E /* BillsTableViewController.m in Sources */ = {isa = PBXBuildFile; fileRef = 0EE1185F17266650001AF86E /* BillsTableViewController.m */; };
		0EE2C12E162CEB9100BB00DA /* InboxIcon.png in Resources */ = {isa = PBXBuildFile; fileRef = 0EE2C128162CEB9100BB00DA /* InboxIcon.png */; };
		0EE2C139162D231600BB00DA /* SlidingTableViewController.m in Sources */ = {isa = PBXBuildFile; fileRef = 0EE2C138162D231600BB00DA /* SlidingTableViewController.m */; };
		0EE9B10C160A6D83002A5950 /* Default-568h@2x.png in Resources */ = {isa = PBXBuildFile; fileRef = 0EE9B10B160A6D83002A5950 /* Default-568h@2x.png */; };
		0EE9B110160AF3F7002A5950 /* Uploader.m in Sources */ = {isa = PBXBuildFile; fileRef = 0EE9B10F160AF3F7002A5950 /* Uploader.m */; };
		0EEB9F751756B26B00AAAC35 /* SlidingCollectionViewController.m in Sources */ = {isa = PBXBuildFile; fileRef = 0EEB9F741756B26B00AAAC35 /* SlidingCollectionViewController.m */; };
		0EEB9F781756B5AE00AAAC35 /* InboxViewController.m in Sources */ = {isa = PBXBuildFile; fileRef = 0EEB9F771756B5AE00AAAC35 /* InboxViewController.m */; };
		0EEB9F7C1756B91300AAAC35 /* DocumentCell.m in Sources */ = {isa = PBXBuildFile; fileRef = 0EEB9F7B1756B91300AAAC35 /* DocumentCell.m */; };
		7E370EAE17DD89C8005B3538 /* phoneIcon.png in Resources */ = {isa = PBXBuildFile; fileRef = 7E370EAD17DD89C8005B3538 /* phoneIcon.png */; };
		7E370EB617DD8E3F005B3538 /* emailIcon.png in Resources */ = {isa = PBXBuildFile; fileRef = 7E370EB517DD8E3F005B3538 /* emailIcon.png */; };
		7E370EB817DD90EC005B3538 /* emailIcon1.png in Resources */ = {isa = PBXBuildFile; fileRef = 7E370EB717DD90EC005B3538 /* emailIcon1.png */; };
		7E370EBA17E196B2005B3538 /* Mobill_logo120.png in Resources */ = {isa = PBXBuildFile; fileRef = 7E370EB917E196B2005B3538 /* Mobill_logo120.png */; };
		7E370EBD17E6D56D005B3538 /* EditContactViewController.m in Sources */ = {isa = PBXBuildFile; fileRef = 7E370EBC17E6D56C005B3538 /* EditContactViewController.m */; };
		7E370EC217E6D815005B3538 /* CustomerContact.m in Sources */ = {isa = PBXBuildFile; fileRef = 7E370EC117E6D814005B3538 /* CustomerContact.m */; };
		7E370EC517E82EE0005B3538 /* ContactsTableViewController.m in Sources */ = {isa = PBXBuildFile; fileRef = 7E370EC417E82EE0005B3538 /* ContactsTableViewController.m */; };
		7E579F5A15A21F1E009D1455 /* Bill.m in Sources */ = {isa = PBXBuildFile; fileRef = 7E579F5915A21F1E009D1455 /* Bill.m */; };
		7E579F5E15A234EB009D1455 /* APIHandler.m in Sources */ = {isa = PBXBuildFile; fileRef = 7E579F5D15A234EB009D1455 /* APIHandler.m */; };
		7E579F6515A80C8F009D1455 /* BDClogo.png in Resources */ = {isa = PBXBuildFile; fileRef = 7E579F6415A80C8F009D1455 /* BDClogo.png */; };
		7E579F8415AB9561009D1455 /* SelectOrgViewController.m in Sources */ = {isa = PBXBuildFile; fileRef = 7E579F8315AB9561009D1455 /* SelectOrgViewController.m */; };
		7E579F8715ABA91A009D1455 /* Organization.m in Sources */ = {isa = PBXBuildFile; fileRef = 7E579F8615ABA91A009D1455 /* Organization.m */; };
		7E579F8A15ACE571009D1455 /* UserProfileViewController.m in Sources */ = {isa = PBXBuildFile; fileRef = 7E579F8915ACE571009D1455 /* UserProfileViewController.m */; };
		7E91E3F015927C15005104AF /* UIKit.framework in Frameworks */ = {isa = PBXBuildFile; fileRef = 7E91E3EF15927C15005104AF /* UIKit.framework */; };
		7E91E3F215927C15005104AF /* Foundation.framework in Frameworks */ = {isa = PBXBuildFile; fileRef = 7E91E3F115927C15005104AF /* Foundation.framework */; };
		7E91E3F415927C15005104AF /* CoreGraphics.framework in Frameworks */ = {isa = PBXBuildFile; fileRef = 7E91E3F315927C15005104AF /* CoreGraphics.framework */; };
		7E91E3FA15927C15005104AF /* InfoPlist.strings in Resources */ = {isa = PBXBuildFile; fileRef = 7E91E3F815927C15005104AF /* InfoPlist.strings */; };
		7E91E3FC15927C15005104AF /* main.m in Sources */ = {isa = PBXBuildFile; fileRef = 7E91E3FB15927C15005104AF /* main.m */; };
		7E91E40015927C15005104AF /* BDCAppDelegate.m in Sources */ = {isa = PBXBuildFile; fileRef = 7E91E3FF15927C15005104AF /* BDCAppDelegate.m */; };
		7E91E40315927C15005104AF /* MainStoryboard_iPhone.storyboard in Resources */ = {isa = PBXBuildFile; fileRef = 7E91E40115927C15005104AF /* MainStoryboard_iPhone.storyboard */; };
		7E91E40615927C15005104AF /* MainStoryboard_iPad.storyboard in Resources */ = {isa = PBXBuildFile; fileRef = 7E91E40415927C15005104AF /* MainStoryboard_iPad.storyboard */; };
		7E91E40915927C15005104AF /* BDCViewController.m in Sources */ = {isa = PBXBuildFile; fileRef = 7E91E40815927C15005104AF /* BDCViewController.m */; };
		7E91E41515928886005104AF /* LoginViewController.m in Sources */ = {isa = PBXBuildFile; fileRef = 7E91E41415928886005104AF /* LoginViewController.m */; };
		7E91E418159394C4005104AF /* APViewController.m in Sources */ = {isa = PBXBuildFile; fileRef = 7E91E417159394C4005104AF /* APViewController.m */; };
		7E91E4211593F83B005104AF /* ScannerViewController.m in Sources */ = {isa = PBXBuildFile; fileRef = 7E91E4201593F83B005104AF /* ScannerViewController.m */; };
		7E91E4231593FA34005104AF /* MobileCoreServices.framework in Frameworks */ = {isa = PBXBuildFile; fileRef = 7E91E4221593FA34005104AF /* MobileCoreServices.framework */; };
		7E91E42E15993E6D005104AF /* BOSelectorViewController.m in Sources */ = {isa = PBXBuildFile; fileRef = 7E91E42D15993E6D005104AF /* BOSelectorViewController.m */; };
		7E91E449159D2E1E005104AF /* QuartzCore.framework in Frameworks */ = {isa = PBXBuildFile; fileRef = 7E91E448159D2E1E005104AF /* QuartzCore.framework */; };
		7E98A99917D07B3000698ED4 /* MenuIcon.png in Resources */ = {isa = PBXBuildFile; fileRef = 7E98A99817D07B3000698ED4 /* MenuIcon.png */; };
		7E98A99F17DC471400698ED4 /* MapViewController.m in Sources */ = {isa = PBXBuildFile; fileRef = 7E98A99E17DC470700698ED4 /* MapViewController.m */; };
		7E98A9A117DC5C1200698ED4 /* CoreLocation.framework in Frameworks */ = {isa = PBXBuildFile; fileRef = 7E98A9A017DC5C0C00698ED4 /* CoreLocation.framework */; };
		7E98A9A317DC5C3100698ED4 /* MapKit.framework in Frameworks */ = {isa = PBXBuildFile; fileRef = 7E98A9A217DC5C2A00698ED4 /* MapKit.framework */; };
		7EA5BF3217C98DCE0075EEF3 /* Mobill_logo29.png in Resources */ = {isa = PBXBuildFile; fileRef = 7EA5BF3117C98DCE0075EEF3 /* Mobill_logo29.png */; };
		7EA5BF3A17C9D6880075EEF3 /* SlidingMenu30.png in Resources */ = {isa = PBXBuildFile; fileRef = 7EA5BF3917C9D6880075EEF3 /* SlidingMenu30.png */; };
		7EA5BF3E17C9DF2E0075EEF3 /* ActionMenu30.png in Resources */ = {isa = PBXBuildFile; fileRef = 7EA5BF3D17C9DF2E0075EEF3 /* ActionMenu30.png */; };
		7EA5BF4217CB07D50075EEF3 /* PlusIcon.png in Resources */ = {isa = PBXBuildFile; fileRef = 7EA5BF4117CB07D50075EEF3 /* PlusIcon.png */; };
		7EA5BF4817CB0E290075EEF3 /* CheckMarkIcon.png in Resources */ = {isa = PBXBuildFile; fileRef = 7EA5BF4717CB0E290075EEF3 /* CheckMarkIcon.png */; };
		7EA5BF4A17CC7CCF0075EEF3 /* Mobill50.png in Resources */ = {isa = PBXBuildFile; fileRef = 7EA5BF4917CC7CCF0075EEF3 /* Mobill50.png */; };
		7EA5BF4C17CC7D830075EEF3 /* Mobill40.png in Resources */ = {isa = PBXBuildFile; fileRef = 7EA5BF4B17CC7D820075EEF3 /* Mobill40.png */; };
		7EE3920A17DD2184007B1126 /* directionsIcon.png in Resources */ = {isa = PBXBuildFile; fileRef = 7EE3920917DD2184007B1126 /* directionsIcon.png */; };
		7EF87EB317F403D300FCE2C8 /* RecorderViewController.m in Sources */ = {isa = PBXBuildFile; fileRef = 7EF87EB217F403D300FCE2C8 /* RecorderViewController.m */; };
/* End PBXBuildFile section */

/* Begin PBXFileReference section */
		0E01C34E172214FF00184702 /* .gitignore */ = {isa = PBXFileReference; fileEncoding = 4; lastKnownFileType = text; path = .gitignore; sourceTree = "<group>"; };
		0E0B9E9B17751CE900C2AF30 /* TermOfServiceViewController.h */ = {isa = PBXFileReference; fileEncoding = 4; lastKnownFileType = sourcecode.c.h; path = TermOfServiceViewController.h; sourceTree = "<group>"; };
		0E0B9E9C17751CE900C2AF30 /* TermOfServiceViewController.m */ = {isa = PBXFileReference; fileEncoding = 4; lastKnownFileType = sourcecode.c.objc; path = TermOfServiceViewController.m; sourceTree = "<group>"; };
		0E14EC5E1603ED960098EB03 /* warning.png */ = {isa = PBXFileReference; lastKnownFileType = image.png; path = warning.png; sourceTree = "<group>"; };
		0E14EC5F1603ED960098EB03 /* success.png */ = {isa = PBXFileReference; lastKnownFileType = image.png; path = success.png; sourceTree = "<group>"; };
		0E188B8A176C435300493EE1 /* BDCBusinessObjectWithAttachmentsAndAddress.h */ = {isa = PBXFileReference; fileEncoding = 4; lastKnownFileType = sourcecode.c.h; path = BDCBusinessObjectWithAttachmentsAndAddress.h; sourceTree = "<group>"; };
		0E188B8B176C435300493EE1 /* BDCBusinessObjectWithAttachmentsAndAddress.m */ = {isa = PBXFileReference; fileEncoding = 4; lastKnownFileType = sourcecode.c.objc; path = BDCBusinessObjectWithAttachmentsAndAddress.m; sourceTree = "<group>"; };
		0E1A79151633790C001B24BF /* EditItemViewController.h */ = {isa = PBXFileReference; fileEncoding = 4; lastKnownFileType = sourcecode.c.h; path = EditItemViewController.h; sourceTree = "<group>"; };
		0E1A79161633790C001B24BF /* EditItemViewController.m */ = {isa = PBXFileReference; fileEncoding = 4; lastKnownFileType = sourcecode.c.objc; path = EditItemViewController.m; sourceTree = "<group>"; };
		0E2C0AC115EC44390059C739 /* Invoice.h */ = {isa = PBXFileReference; fileEncoding = 4; lastKnownFileType = sourcecode.c.h; path = Invoice.h; sourceTree = "<group>"; };
		0E2C0AC215EC44390059C739 /* Invoice.m */ = {isa = PBXFileReference; fileEncoding = 4; lastKnownFileType = sourcecode.c.objc; path = Invoice.m; sourceTree = "<group>"; };
		0E2C0AC915F12D9A0059C739 /* InvoicesTableViewController.h */ = {isa = PBXFileReference; fileEncoding = 4; lastKnownFileType = sourcecode.c.h; path = InvoicesTableViewController.h; sourceTree = "<group>"; };
		0E2C0ACA15F12D9B0059C739 /* InvoicesTableViewController.m */ = {isa = PBXFileReference; fileEncoding = 4; lastKnownFileType = sourcecode.c.objc; path = InvoicesTableViewController.m; sourceTree = "<group>"; };
		0E3552CB1778B7F9007D1CB2 /* VendorsIcon.png */ = {isa = PBXFileReference; lastKnownFileType = image.png; path = VendorsIcon.png; sourceTree = "<group>"; };
		0E3552D11778BE81007D1CB2 /* TermofServiceIcon.png */ = {isa = PBXFileReference; lastKnownFileType = image.png; path = TermofServiceIcon.png; sourceTree = "<group>"; };
		0E3A156C173F753B007F2DC6 /* BankAccount.h */ = {isa = PBXFileReference; fileEncoding = 4; lastKnownFileType = sourcecode.c.h; path = BankAccount.h; sourceTree = "<group>"; };
		0E3A156D173F753B007F2DC6 /* BankAccount.m */ = {isa = PBXFileReference; fileEncoding = 4; lastKnownFileType = sourcecode.c.objc; path = BankAccount.m; sourceTree = "<group>"; };
		0E3A156F1742F958007F2DC6 /* Document.h */ = {isa = PBXFileReference; fileEncoding = 4; lastKnownFileType = sourcecode.c.h; path = Document.h; sourceTree = "<group>"; };
		0E3A15701742F958007F2DC6 /* Document.m */ = {isa = PBXFileReference; fileEncoding = 4; lastKnownFileType = sourcecode.c.objc; path = Document.m; sourceTree = "<group>"; };
		0E3A157A1744563C007F2DC6 /* txt_icon.png */ = {isa = PBXFileReference; lastKnownFileType = image.png; path = txt_icon.png; sourceTree = "<group>"; };
		0E3A157C17455CA0007F2DC6 /* QuickLook.framework */ = {isa = PBXFileReference; lastKnownFileType = wrapper.framework; name = QuickLook.framework; path = System/Library/Frameworks/QuickLook.framework; sourceTree = SDKROOT; };
		0E56F3F41600047B0066B355 /* MessageUI.framework */ = {isa = PBXFileReference; lastKnownFileType = wrapper.framework; name = MessageUI.framework; path = System/Library/Frameworks/MessageUI.framework; sourceTree = SDKROOT; };
		0E5F511917757C97001095C9 /* Term_of_service.txt */ = {isa = PBXFileReference; fileEncoding = 4; lastKnownFileType = text; path = Term_of_service.txt; sourceTree = "<group>"; };
		0E5F5129177813FB001095C9 /* ProfileIcon.png */ = {isa = PBXFileReference; lastKnownFileType = image.png; path = ProfileIcon.png; sourceTree = "<group>"; };
		0E5F512B17782623001095C9 /* InvoicesIcon.png */ = {isa = PBXFileReference; lastKnownFileType = image.png; path = InvoicesIcon.png; sourceTree = "<group>"; };
		0E5F512C17782623001095C9 /* BillsIcon.png */ = {isa = PBXFileReference; lastKnownFileType = image.png; path = BillsIcon.png; sourceTree = "<group>"; };
		0E5F512F177827D7001095C9 /* CustomersIcon.png */ = {isa = PBXFileReference; lastKnownFileType = image.png; path = CustomersIcon.png; sourceTree = "<group>"; };
		0E5F5131177827D8001095C9 /* ItemsIcon.png */ = {isa = PBXFileReference; lastKnownFileType = image.png; path = ItemsIcon.png; sourceTree = "<group>"; };
		0E5F513517782A95001095C9 /* MyCompaniesIcon.png */ = {isa = PBXFileReference; lastKnownFileType = image.png; path = MyCompaniesIcon.png; sourceTree = "<group>"; };
		0E5F513B1778329C001095C9 /* FeedbackIcon.png */ = {isa = PBXFileReference; lastKnownFileType = image.png; path = FeedbackIcon.png; sourceTree = "<group>"; };
		0E5F513D1778329C001095C9 /* LogOutIcon.png */ = {isa = PBXFileReference; lastKnownFileType = image.png; path = LogOutIcon.png; sourceTree = "<group>"; };
		0E5F51431778332F001095C9 /* ScannerIcon.png */ = {isa = PBXFileReference; lastKnownFileType = image.png; path = ScannerIcon.png; sourceTree = "<group>"; };
		0E68460D1609863B00716412 /* SplashViewController.h */ = {isa = PBXFileReference; fileEncoding = 4; lastKnownFileType = sourcecode.c.h; path = SplashViewController.h; sourceTree = "<group>"; };
		0E68460E1609863C00716412 /* SplashViewController.m */ = {isa = PBXFileReference; fileEncoding = 4; lastKnownFileType = sourcecode.c.objc; path = SplashViewController.m; sourceTree = "<group>"; };
		0E6B083E177A5CC200681E9D /* CompanyIcon.png */ = {isa = PBXFileReference; lastKnownFileType = image.png; path = CompanyIcon.png; sourceTree = "<group>"; };
		0E761CFB1731EF310041292A /* PayBillViewController.h */ = {isa = PBXFileReference; fileEncoding = 4; lastKnownFileType = sourcecode.c.h; path = PayBillViewController.h; sourceTree = "<group>"; };
		0E761CFC1731EF310041292A /* PayBillViewController.m */ = {isa = PBXFileReference; fileEncoding = 4; lastKnownFileType = sourcecode.c.objc; path = PayBillViewController.m; sourceTree = "<group>"; };
		0E7DCABA16030BD700D0B35E /* Security.framework */ = {isa = PBXFileReference; lastKnownFileType = wrapper.framework; name = Security.framework; path = System/Library/Frameworks/Security.framework; sourceTree = SDKROOT; };
		0E7DCABF16030FCD00D0B35E /* KeychainItemWrapper.h */ = {isa = PBXFileReference; lastKnownFileType = sourcecode.c.h; path = KeychainItemWrapper.h; sourceTree = "<group>"; };
		0E7DCAC016030FCD00D0B35E /* KeychainItemWrapper.m */ = {isa = PBXFileReference; lastKnownFileType = sourcecode.c.objc; path = KeychainItemWrapper.m; sourceTree = "<group>"; };
		0E7DCAC21603CCC400D0B35E /* UIHelper.h */ = {isa = PBXFileReference; fileEncoding = 4; lastKnownFileType = sourcecode.c.h; path = UIHelper.h; sourceTree = "<group>"; };
		0E7DCAC31603CCC400D0B35E /* UIHelper.m */ = {isa = PBXFileReference; fileEncoding = 4; lastKnownFileType = sourcecode.c.objc; path = UIHelper.m; sourceTree = "<group>"; };
		0E7F8B3D1727B3920090464C /* EditBillViewController.h */ = {isa = PBXFileReference; fileEncoding = 4; lastKnownFileType = sourcecode.c.h; path = EditBillViewController.h; sourceTree = "<group>"; };
		0E7F8B3E1727B3920090464C /* EditBillViewController.m */ = {isa = PBXFileReference; fileEncoding = 4; lastKnownFileType = sourcecode.c.objc; path = EditBillViewController.m; sourceTree = "<group>"; };
		0E7F8B40172860AF0090464C /* Vendor.h */ = {isa = PBXFileReference; fileEncoding = 4; lastKnownFileType = sourcecode.c.h; path = Vendor.h; sourceTree = "<group>"; };
		0E7F8B41172860B00090464C /* Vendor.m */ = {isa = PBXFileReference; fileEncoding = 4; lastKnownFileType = sourcecode.c.objc; path = Vendor.m; sourceTree = "<group>"; };
		0E7F8B45172C2B5C0090464C /* EditVendorViewController.h */ = {isa = PBXFileReference; fileEncoding = 4; lastKnownFileType = sourcecode.c.h; path = EditVendorViewController.h; sourceTree = "<group>"; };
		0E7F8B46172C2B5C0090464C /* EditVendorViewController.m */ = {isa = PBXFileReference; fileEncoding = 4; lastKnownFileType = sourcecode.c.objc; path = EditVendorViewController.m; sourceTree = "<group>"; };
		0E847CEC171785C300C7FA53 /* SlidingListTableViewController.h */ = {isa = PBXFileReference; fileEncoding = 4; lastKnownFileType = sourcecode.c.h; path = SlidingListTableViewController.h; sourceTree = "<group>"; };
		0E847CED171785C300C7FA53 /* SlidingListTableViewController.m */ = {isa = PBXFileReference; fileEncoding = 4; lastKnownFileType = sourcecode.c.objc; path = SlidingListTableViewController.m; sourceTree = "<group>"; };
		0E847CEF1717862A00C7FA53 /* SlidingDetailsTableViewController.h */ = {isa = PBXFileReference; fileEncoding = 4; lastKnownFileType = sourcecode.c.h; path = SlidingDetailsTableViewController.h; sourceTree = "<group>"; };
		0E847CF01717862A00C7FA53 /* SlidingDetailsTableViewController.m */ = {isa = PBXFileReference; fileEncoding = 4; lastKnownFileType = sourcecode.c.objc; path = SlidingDetailsTableViewController.m; sourceTree = "<group>"; };
		0E8ED1051619731900BFBDD0 /* AttachmentPreviewViewController.h */ = {isa = PBXFileReference; fileEncoding = 4; lastKnownFileType = sourcecode.c.h; path = AttachmentPreviewViewController.h; sourceTree = "<group>"; };
		0E8ED1061619731900BFBDD0 /* AttachmentPreviewViewController.m */ = {isa = PBXFileReference; fileEncoding = 4; lastKnownFileType = sourcecode.c.objc; path = AttachmentPreviewViewController.m; sourceTree = "<group>"; };
		0E8FBAD0160D10B00074C01B /* Item.h */ = {isa = PBXFileReference; fileEncoding = 4; lastKnownFileType = sourcecode.c.h; path = Item.h; sourceTree = "<group>"; };
		0E8FBAD1160D10B00074C01B /* Item.m */ = {isa = PBXFileReference; fileEncoding = 4; lastKnownFileType = sourcecode.c.objc; path = Item.m; sourceTree = "<group>"; };
		0E8FBAD4160D844C0074C01B /* CreateBillViewController.m */ = {isa = PBXFileReference; fileEncoding = 4; lastKnownFileType = sourcecode.c.objc; path = CreateBillViewController.m; sourceTree = "<group>"; };
		0E8FBAD6160D84BC0074C01B /* EditInvoiceViewController.h */ = {isa = PBXFileReference; fileEncoding = 4; lastKnownFileType = sourcecode.c.h; path = EditInvoiceViewController.h; sourceTree = "<group>"; };
		0E8FBAD7160D84BC0074C01B /* EditInvoiceViewController.m */ = {isa = PBXFileReference; fileEncoding = 4; lastKnownFileType = sourcecode.c.objc; path = EditInvoiceViewController.m; sourceTree = "<group>"; };
		0E8FBAD9160D94840074C01B /* BDCBusinessObject.h */ = {isa = PBXFileReference; fileEncoding = 4; lastKnownFileType = sourcecode.c.h; path = BDCBusinessObject.h; sourceTree = "<group>"; };
		0E8FBADA160D94840074C01B /* BDCBusinessObject.m */ = {isa = PBXFileReference; fileEncoding = 4; lastKnownFileType = sourcecode.c.objc; path = BDCBusinessObject.m; sourceTree = "<group>"; };
		0E8FBADC160DA06B0074C01B /* ItemsTableViewController.h */ = {isa = PBXFileReference; fileEncoding = 4; lastKnownFileType = sourcecode.c.h; path = ItemsTableViewController.h; sourceTree = "<group>"; };
		0E8FBADD160DA06B0074C01B /* ItemsTableViewController.m */ = {isa = PBXFileReference; fileEncoding = 4; lastKnownFileType = sourcecode.c.objc; path = ItemsTableViewController.m; sourceTree = "<group>"; };
		0E95DA2215F13C2C006D9752 /* VendorsTableViewController.h */ = {isa = PBXFileReference; fileEncoding = 4; lastKnownFileType = sourcecode.c.h; path = VendorsTableViewController.h; sourceTree = "<group>"; };
		0E95DA2315F13C2C006D9752 /* VendorsTableViewController.m */ = {isa = PBXFileReference; fileEncoding = 4; lastKnownFileType = sourcecode.c.objc; path = VendorsTableViewController.m; sourceTree = "<group>"; };
		0E967E9F16E4182100882B10 /* Labels.h */ = {isa = PBXFileReference; fileEncoding = 4; lastKnownFileType = sourcecode.c.h; path = Labels.h; sourceTree = "<group>"; };
		0E967EA216F2DC0500882B10 /* ActionMenuViewController.h */ = {isa = PBXFileReference; fileEncoding = 4; lastKnownFileType = sourcecode.c.h; path = ActionMenuViewController.h; sourceTree = "<group>"; };
		0E967EA316F2DC0600882B10 /* ActionMenuViewController.m */ = {isa = PBXFileReference; fileEncoding = 4; lastKnownFileType = sourcecode.c.objc; lineEnding = 0; path = ActionMenuViewController.m; sourceTree = "<group>"; xcLanguageSpecificationIdentifier = xcode.lang.objc; };
		0E999E0D16DE5E8E00F1E39F /* UIView+FindAndResignFirstResponder.h */ = {isa = PBXFileReference; fileEncoding = 4; lastKnownFileType = sourcecode.c.h; path = "UIView+FindAndResignFirstResponder.h"; sourceTree = "<group>"; };
		0E999E0E16DE5E8E00F1E39F /* UIView+FindAndResignFirstResponder.m */ = {isa = PBXFileReference; fileEncoding = 4; lastKnownFileType = sourcecode.c.objc; path = "UIView+FindAndResignFirstResponder.m"; sourceTree = "<group>"; };
		0EA09F1315F927A100BBD180 /* Util.h */ = {isa = PBXFileReference; fileEncoding = 4; lastKnownFileType = sourcecode.c.h; path = Util.h; sourceTree = "<group>"; };
		0EA09F1415F927A100BBD180 /* Util.m */ = {isa = PBXFileReference; fileEncoding = 4; lastKnownFileType = sourcecode.c.objc; path = Util.m; sourceTree = "<group>"; };
		0EA09F1715FAAD0100BBD180 /* Customer.h */ = {isa = PBXFileReference; fileEncoding = 4; lastKnownFileType = sourcecode.c.h; path = Customer.h; sourceTree = "<group>"; };
		0EA09F1815FAAD0100BBD180 /* Customer.m */ = {isa = PBXFileReference; fileEncoding = 4; lastKnownFileType = sourcecode.c.objc; path = Customer.m; sourceTree = "<group>"; };
		0EA09F1D15FC792700BBD180 /* InvoiceDetailsViewController.h */ = {isa = PBXFileReference; fileEncoding = 4; lastKnownFileType = sourcecode.c.h; path = InvoiceDetailsViewController.h; sourceTree = "<group>"; };
		0EA09F1E15FC792700BBD180 /* InvoiceDetailsViewController.m */ = {isa = PBXFileReference; fileEncoding = 4; lastKnownFileType = sourcecode.c.objc; path = InvoiceDetailsViewController.m; sourceTree = "<group>"; };
		0EA29AAA16D2E6FA00386617 /* EditCustomerViewController.h */ = {isa = PBXFileReference; fileEncoding = 4; lastKnownFileType = sourcecode.c.h; path = EditCustomerViewController.h; sourceTree = "<group>"; };
		0EA29AAB16D2E6FA00386617 /* EditCustomerViewController.m */ = {isa = PBXFileReference; fileEncoding = 4; lastKnownFileType = sourcecode.c.objc; path = EditCustomerViewController.m; sourceTree = "<group>"; };
		0EA29AAE16D4B69300386617 /* Geo.h */ = {isa = PBXFileReference; lastKnownFileType = sourcecode.c.h; path = Geo.h; sourceTree = "<group>"; };
		0EA33395172733AC00FB92F3 /* APBusinessObject.h */ = {isa = PBXFileReference; fileEncoding = 4; lastKnownFileType = sourcecode.c.h; path = APBusinessObject.h; sourceTree = "<group>"; };
		0EA33396172733AC00FB92F3 /* APBusinessObject.m */ = {isa = PBXFileReference; fileEncoding = 4; lastKnownFileType = sourcecode.c.objc; path = APBusinessObject.m; sourceTree = "<group>"; };
		0EA33398172754D100FB92F3 /* APLineItem.h */ = {isa = PBXFileReference; fileEncoding = 4; lastKnownFileType = sourcecode.c.h; path = APLineItem.h; sourceTree = "<group>"; };
		0EA33399172754D100FB92F3 /* APLineItem.m */ = {isa = PBXFileReference; fileEncoding = 4; lastKnownFileType = sourcecode.c.objc; path = APLineItem.m; sourceTree = "<group>"; };
		0EA3339B172755F800FB92F3 /* ChartOfAccount.h */ = {isa = PBXFileReference; fileEncoding = 4; lastKnownFileType = sourcecode.c.h; path = ChartOfAccount.h; sourceTree = "<group>"; };
		0EA3339C172755F800FB92F3 /* ChartOfAccount.m */ = {isa = PBXFileReference; fileEncoding = 4; lastKnownFileType = sourcecode.c.objc; path = ChartOfAccount.m; sourceTree = "<group>"; };
		0EAE1BA8170B9B780091B7FC /* UIViewController+Sliding.h */ = {isa = PBXFileReference; fileEncoding = 4; lastKnownFileType = sourcecode.c.h; path = "UIViewController+Sliding.h"; sourceTree = "<group>"; };
		0EAE1BA9170B9B780091B7FC /* UIViewController+Sliding.m */ = {isa = PBXFileReference; fileEncoding = 4; lastKnownFileType = sourcecode.c.objc; lineEnding = 0; path = "UIViewController+Sliding.m"; sourceTree = "<group>"; xcLanguageSpecificationIdentifier = xcode.lang.objc; };
		0EB2192817472EE600382C44 /* csv_icon.png */ = {isa = PBXFileReference; lastKnownFileType = image.png; path = csv_icon.png; sourceTree = "<group>"; };
		0EB21934174B3B2300382C44 /* BDCBusinessObjectWithAttachments.h */ = {isa = PBXFileReference; fileEncoding = 4; lastKnownFileType = sourcecode.c.h; path = BDCBusinessObjectWithAttachments.h; sourceTree = "<group>"; };
		0EB21935174B3B2300382C44 /* BDCBusinessObjectWithAttachments.m */ = {isa = PBXFileReference; fileEncoding = 4; lastKnownFileType = sourcecode.c.objc; path = BDCBusinessObjectWithAttachments.m; sourceTree = "<group>"; };
		0EC19CA0177FFBE800D5B285 /* LRU.h */ = {isa = PBXFileReference; fileEncoding = 4; lastKnownFileType = sourcecode.c.h; path = LRU.h; sourceTree = "<group>"; };
		0EC19CA1177FFBE800D5B285 /* LRU.m */ = {isa = PBXFileReference; fileEncoding = 4; lastKnownFileType = sourcecode.c.objc; path = LRU.m; sourceTree = "<group>"; };
		0EC19CA3177FFD3F00D5B285 /* Node.h */ = {isa = PBXFileReference; fileEncoding = 4; lastKnownFileType = sourcecode.c.h; path = Node.h; sourceTree = "<group>"; };
		0EC19CA4177FFD3F00D5B285 /* Node.m */ = {isa = PBXFileReference; fileEncoding = 4; lastKnownFileType = sourcecode.c.objc; path = Node.m; sourceTree = "<group>"; };
		0EC19CA6177FFE0100D5B285 /* LinkedList.h */ = {isa = PBXFileReference; fileEncoding = 4; lastKnownFileType = sourcecode.c.h; path = LinkedList.h; sourceTree = "<group>"; };
		0EC19CA7177FFE0100D5B285 /* LinkedList.m */ = {isa = PBXFileReference; fileEncoding = 4; lastKnownFileType = sourcecode.c.objc; path = LinkedList.m; sourceTree = "<group>"; };
		0EC49AF917B9F6940043B37A /* arrow_down_gray.png */ = {isa = PBXFileReference; lastKnownFileType = image.png; path = arrow_down_gray.png; sourceTree = "<group>"; };
		0EC49AFA17B9F6950043B37A /* arrow_down_blue.png */ = {isa = PBXFileReference; lastKnownFileType = image.png; path = arrow_down_blue.png; sourceTree = "<group>"; };
		0EC49B0117C5E49E0043B37A /* Mobill_logo57.png */ = {isa = PBXFileReference; lastKnownFileType = image.png; path = Mobill_logo57.png; sourceTree = "<group>"; };
		0EC49B0317C5E4AF0043B37A /* Mobill_logo114.png */ = {isa = PBXFileReference; lastKnownFileType = image.png; path = Mobill_logo114.png; sourceTree = "<group>"; };
		0EC88C9515F1374900A490EE /* AROverViewController.h */ = {isa = PBXFileReference; fileEncoding = 4; lastKnownFileType = sourcecode.c.h; path = AROverViewController.h; sourceTree = "<group>"; };
		0EC88C9615F1374900A490EE /* AROverViewController.m */ = {isa = PBXFileReference; fileEncoding = 4; lastKnownFileType = sourcecode.c.objc; path = AROverViewController.m; sourceTree = "<group>"; };
		0EC88C9815F139C100A490EE /* CustomersTableViewController.h */ = {isa = PBXFileReference; fileEncoding = 4; lastKnownFileType = sourcecode.c.h; path = CustomersTableViewController.h; sourceTree = "<group>"; };
		0EC88C9915F139C100A490EE /* CustomersTableViewController.m */ = {isa = PBXFileReference; fileEncoding = 4; lastKnownFileType = sourcecode.c.objc; lineEnding = 0; path = CustomersTableViewController.m; sourceTree = "<group>"; xcLanguageSpecificationIdentifier = xcode.lang.objc; };
		0ECF42B2175BC22A00BA7C7B /* doc_icon.png */ = {isa = PBXFileReference; lastKnownFileType = image.png; path = doc_icon.png; sourceTree = "<group>"; };
		0ECF42B4175BC24600BA7C7B /* docx_icon.png */ = {isa = PBXFileReference; lastKnownFileType = image.png; path = docx_icon.png; sourceTree = "<group>"; };
		0ECF42B6175BC27400BA7C7B /* exe_icon.png */ = {isa = PBXFileReference; lastKnownFileType = image.png; path = exe_icon.png; sourceTree = "<group>"; };
		0ECF42B8175BC29500BA7C7B /* gif_icon.png */ = {isa = PBXFileReference; lastKnownFileType = image.png; path = gif_icon.png; sourceTree = "<group>"; };
		0ECF42BA175BC2C100BA7C7B /* jpg_icon.png */ = {isa = PBXFileReference; lastKnownFileType = image.png; path = jpg_icon.png; sourceTree = "<group>"; };
		0ECF42BC175BC2D600BA7C7B /* jpeg_icon.png */ = {isa = PBXFileReference; lastKnownFileType = image.png; path = jpeg_icon.png; sourceTree = "<group>"; };
		0ECF42BE175BC35B00BA7C7B /* mov_icon.png */ = {isa = PBXFileReference; lastKnownFileType = image.png; path = mov_icon.png; sourceTree = "<group>"; };
		0ECF42C0175BC37500BA7C7B /* mp3_icon.png */ = {isa = PBXFileReference; lastKnownFileType = image.png; path = mp3_icon.png; sourceTree = "<group>"; };
		0ECF42C2175BC38900BA7C7B /* pdf_icon.png */ = {isa = PBXFileReference; lastKnownFileType = image.png; path = pdf_icon.png; sourceTree = "<group>"; };
		0ECF42C4175BC39900BA7C7B /* png_icon.png */ = {isa = PBXFileReference; lastKnownFileType = image.png; path = png_icon.png; sourceTree = "<group>"; };
		0ECF42C6175BC3D100BA7C7B /* ppt_icon.png */ = {isa = PBXFileReference; lastKnownFileType = image.png; path = ppt_icon.png; sourceTree = "<group>"; };
		0ECF42C8175BC3E800BA7C7B /* pptx_icon.png */ = {isa = PBXFileReference; lastKnownFileType = image.png; path = pptx_icon.png; sourceTree = "<group>"; };
		0ECF42CA175BC40A00BA7C7B /* rar_icon.png */ = {isa = PBXFileReference; lastKnownFileType = image.png; path = rar_icon.png; sourceTree = "<group>"; };
		0ECF42CC175BC41F00BA7C7B /* tiff_icon.png */ = {isa = PBXFileReference; lastKnownFileType = image.png; path = tiff_icon.png; sourceTree = "<group>"; };
		0ECF42CE175BC43900BA7C7B /* unknown_file_icon.png */ = {isa = PBXFileReference; lastKnownFileType = image.png; path = unknown_file_icon.png; sourceTree = "<group>"; };
		0ECF42D0175BC45000BA7C7B /* wav_icon.png */ = {isa = PBXFileReference; lastKnownFileType = image.png; path = wav_icon.png; sourceTree = "<group>"; };
		0ECF42D2175BC46700BA7C7B /* wma_icon.png */ = {isa = PBXFileReference; lastKnownFileType = image.png; path = wma_icon.png; sourceTree = "<group>"; };
		0ECF42D4175BC47700BA7C7B /* wmv_icon.png */ = {isa = PBXFileReference; lastKnownFileType = image.png; path = wmv_icon.png; sourceTree = "<group>"; };
		0ECF42D6175BC48A00BA7C7B /* xls_icon.png */ = {isa = PBXFileReference; lastKnownFileType = image.png; path = xls_icon.png; sourceTree = "<group>"; };
		0ECF42D8175BC49A00BA7C7B /* xlsx_icon.png */ = {isa = PBXFileReference; lastKnownFileType = image.png; path = xlsx_icon.png; sourceTree = "<group>"; };
		0ECF42DA175BC4BC00BA7C7B /* zip_icon.png */ = {isa = PBXFileReference; lastKnownFileType = image.png; path = zip_icon.png; sourceTree = "<group>"; };
		0ED59D4A162DDFB8008DE1C9 /* RootMenuViewController.h */ = {isa = PBXFileReference; fileEncoding = 4; lastKnownFileType = sourcecode.c.h; path = RootMenuViewController.h; sourceTree = "<group>"; };
		0ED59D4B162DDFB9008DE1C9 /* RootMenuViewController.m */ = {isa = PBXFileReference; fileEncoding = 4; lastKnownFileType = sourcecode.c.objc; path = RootMenuViewController.m; sourceTree = "<group>"; };
		0ED59D4D162DFD4E008DE1C9 /* SlidingViewController.h */ = {isa = PBXFileReference; fileEncoding = 4; lastKnownFileType = sourcecode.c.h; path = SlidingViewController.h; sourceTree = "<group>"; };
		0ED59D4E162DFD4E008DE1C9 /* SlidingViewController.m */ = {isa = PBXFileReference; fileEncoding = 4; lastKnownFileType = sourcecode.c.objc; path = SlidingViewController.m; sourceTree = "<group>"; };
		0EE1185E17266650001AF86E /* BillsTableViewController.h */ = {isa = PBXFileReference; fileEncoding = 4; lastKnownFileType = sourcecode.c.h; path = BillsTableViewController.h; sourceTree = "<group>"; };
		0EE1185F17266650001AF86E /* BillsTableViewController.m */ = {isa = PBXFileReference; fileEncoding = 4; lastKnownFileType = sourcecode.c.objc; path = BillsTableViewController.m; sourceTree = "<group>"; };
		0EE2C128162CEB9100BB00DA /* InboxIcon.png */ = {isa = PBXFileReference; lastKnownFileType = image.png; path = InboxIcon.png; sourceTree = "<group>"; };
		0EE2C137162D231600BB00DA /* SlidingTableViewController.h */ = {isa = PBXFileReference; fileEncoding = 4; lastKnownFileType = sourcecode.c.h; path = SlidingTableViewController.h; sourceTree = "<group>"; };
		0EE2C138162D231600BB00DA /* SlidingTableViewController.m */ = {isa = PBXFileReference; fileEncoding = 4; lastKnownFileType = sourcecode.c.objc; lineEnding = 0; path = SlidingTableViewController.m; sourceTree = "<group>"; xcLanguageSpecificationIdentifier = xcode.lang.objc; };
		0EE9B10B160A6D83002A5950 /* Default-568h@2x.png */ = {isa = PBXFileReference; lastKnownFileType = image.png; path = "Default-568h@2x.png"; sourceTree = "<group>"; };
		0EE9B10E160AF3F7002A5950 /* Uploader.h */ = {isa = PBXFileReference; fileEncoding = 4; lastKnownFileType = sourcecode.c.h; path = Uploader.h; sourceTree = "<group>"; };
		0EE9B10F160AF3F7002A5950 /* Uploader.m */ = {isa = PBXFileReference; fileEncoding = 4; lastKnownFileType = sourcecode.c.objc; path = Uploader.m; sourceTree = "<group>"; };
		0EEB9F731756B26B00AAAC35 /* SlidingCollectionViewController.h */ = {isa = PBXFileReference; fileEncoding = 4; lastKnownFileType = sourcecode.c.h; path = SlidingCollectionViewController.h; sourceTree = "<group>"; };
		0EEB9F741756B26B00AAAC35 /* SlidingCollectionViewController.m */ = {isa = PBXFileReference; fileEncoding = 4; lastKnownFileType = sourcecode.c.objc; path = SlidingCollectionViewController.m; sourceTree = "<group>"; };
		0EEB9F761756B5AE00AAAC35 /* InboxViewController.h */ = {isa = PBXFileReference; fileEncoding = 4; lastKnownFileType = sourcecode.c.h; path = InboxViewController.h; sourceTree = "<group>"; };
		0EEB9F771756B5AE00AAAC35 /* InboxViewController.m */ = {isa = PBXFileReference; fileEncoding = 4; lastKnownFileType = sourcecode.c.objc; path = InboxViewController.m; sourceTree = "<group>"; };
		0EEB9F7A1756B91300AAAC35 /* DocumentCell.h */ = {isa = PBXFileReference; fileEncoding = 4; lastKnownFileType = sourcecode.c.h; path = DocumentCell.h; sourceTree = "<group>"; };
		0EEB9F7B1756B91300AAAC35 /* DocumentCell.m */ = {isa = PBXFileReference; fileEncoding = 4; lastKnownFileType = sourcecode.c.objc; path = DocumentCell.m; sourceTree = "<group>"; };
		7E370EAD17DD89C8005B3538 /* phoneIcon.png */ = {isa = PBXFileReference; lastKnownFileType = image.png; path = phoneIcon.png; sourceTree = "<group>"; };
		7E370EB517DD8E3F005B3538 /* emailIcon.png */ = {isa = PBXFileReference; lastKnownFileType = image.png; path = emailIcon.png; sourceTree = "<group>"; };
		7E370EB717DD90EC005B3538 /* emailIcon1.png */ = {isa = PBXFileReference; lastKnownFileType = image.png; path = emailIcon1.png; sourceTree = "<group>"; };
		7E370EB917E196B2005B3538 /* Mobill_logo120.png */ = {isa = PBXFileReference; lastKnownFileType = image.png; path = Mobill_logo120.png; sourceTree = "<group>"; };
		7E370EBB17E6D56B005B3538 /* EditContactViewController.h */ = {isa = PBXFileReference; fileEncoding = 4; lastKnownFileType = sourcecode.c.h; path = EditContactViewController.h; sourceTree = "<group>"; };
		7E370EBC17E6D56C005B3538 /* EditContactViewController.m */ = {isa = PBXFileReference; fileEncoding = 4; lastKnownFileType = sourcecode.c.objc; path = EditContactViewController.m; sourceTree = "<group>"; };
		7E370EC017E6D813005B3538 /* CustomerContact.h */ = {isa = PBXFileReference; fileEncoding = 4; lastKnownFileType = sourcecode.c.h; path = CustomerContact.h; sourceTree = "<group>"; };
		7E370EC117E6D814005B3538 /* CustomerContact.m */ = {isa = PBXFileReference; fileEncoding = 4; lastKnownFileType = sourcecode.c.objc; path = CustomerContact.m; sourceTree = "<group>"; };
		7E370EC317E82EE0005B3538 /* ContactsTableViewController.h */ = {isa = PBXFileReference; fileEncoding = 4; lastKnownFileType = sourcecode.c.h; path = ContactsTableViewController.h; sourceTree = "<group>"; };
		7E370EC417E82EE0005B3538 /* ContactsTableViewController.m */ = {isa = PBXFileReference; fileEncoding = 4; lastKnownFileType = sourcecode.c.objc; path = ContactsTableViewController.m; sourceTree = "<group>"; };
		7E579F5815A21F1E009D1455 /* Bill.h */ = {isa = PBXFileReference; fileEncoding = 4; lastKnownFileType = sourcecode.c.h; path = Bill.h; sourceTree = "<group>"; };
		7E579F5915A21F1E009D1455 /* Bill.m */ = {isa = PBXFileReference; fileEncoding = 4; lastKnownFileType = sourcecode.c.objc; path = Bill.m; sourceTree = "<group>"; };
		7E579F5C15A234EB009D1455 /* APIHandler.h */ = {isa = PBXFileReference; fileEncoding = 4; lastKnownFileType = sourcecode.c.h; path = APIHandler.h; sourceTree = "<group>"; };
		7E579F5D15A234EB009D1455 /* APIHandler.m */ = {isa = PBXFileReference; fileEncoding = 4; lastKnownFileType = sourcecode.c.objc; path = APIHandler.m; sourceTree = "<group>"; };
		7E579F6415A80C8F009D1455 /* BDClogo.png */ = {isa = PBXFileReference; lastKnownFileType = image.png; path = BDClogo.png; sourceTree = "<group>"; };
		7E579F8215AB9561009D1455 /* SelectOrgViewController.h */ = {isa = PBXFileReference; fileEncoding = 4; lastKnownFileType = sourcecode.c.h; path = SelectOrgViewController.h; sourceTree = "<group>"; };
		7E579F8315AB9561009D1455 /* SelectOrgViewController.m */ = {isa = PBXFileReference; fileEncoding = 4; lastKnownFileType = sourcecode.c.objc; path = SelectOrgViewController.m; sourceTree = "<group>"; };
		7E579F8515ABA91A009D1455 /* Organization.h */ = {isa = PBXFileReference; fileEncoding = 4; lastKnownFileType = sourcecode.c.h; path = Organization.h; sourceTree = "<group>"; };
		7E579F8615ABA91A009D1455 /* Organization.m */ = {isa = PBXFileReference; fileEncoding = 4; lastKnownFileType = sourcecode.c.objc; path = Organization.m; sourceTree = "<group>"; };
		7E579F8815ACE571009D1455 /* UserProfileViewController.h */ = {isa = PBXFileReference; fileEncoding = 4; lastKnownFileType = sourcecode.c.h; path = UserProfileViewController.h; sourceTree = "<group>"; };
		7E579F8915ACE571009D1455 /* UserProfileViewController.m */ = {isa = PBXFileReference; fileEncoding = 4; lastKnownFileType = sourcecode.c.objc; path = UserProfileViewController.m; sourceTree = "<group>"; };
		7E91E3EB15927C15005104AF /* Mobill.app */ = {isa = PBXFileReference; explicitFileType = wrapper.application; includeInIndex = 0; path = Mobill.app; sourceTree = BUILT_PRODUCTS_DIR; };
		7E91E3EF15927C15005104AF /* UIKit.framework */ = {isa = PBXFileReference; lastKnownFileType = wrapper.framework; name = UIKit.framework; path = System/Library/Frameworks/UIKit.framework; sourceTree = SDKROOT; };
		7E91E3F115927C15005104AF /* Foundation.framework */ = {isa = PBXFileReference; lastKnownFileType = wrapper.framework; name = Foundation.framework; path = System/Library/Frameworks/Foundation.framework; sourceTree = SDKROOT; };
		7E91E3F315927C15005104AF /* CoreGraphics.framework */ = {isa = PBXFileReference; lastKnownFileType = wrapper.framework; name = CoreGraphics.framework; path = System/Library/Frameworks/CoreGraphics.framework; sourceTree = SDKROOT; };
		7E91E3F715927C15005104AF /* BDC-Info.plist */ = {isa = PBXFileReference; lastKnownFileType = text.plist.xml; path = "BDC-Info.plist"; sourceTree = "<group>"; };
		7E91E3F915927C15005104AF /* en */ = {isa = PBXFileReference; lastKnownFileType = text.plist.strings; name = en; path = en.lproj/InfoPlist.strings; sourceTree = "<group>"; };
		7E91E3FB15927C15005104AF /* main.m */ = {isa = PBXFileReference; lastKnownFileType = sourcecode.c.objc; path = main.m; sourceTree = "<group>"; };
		7E91E3FD15927C15005104AF /* BDC-Prefix.pch */ = {isa = PBXFileReference; lastKnownFileType = sourcecode.c.h; path = "BDC-Prefix.pch"; sourceTree = "<group>"; };
		7E91E3FE15927C15005104AF /* BDCAppDelegate.h */ = {isa = PBXFileReference; lastKnownFileType = sourcecode.c.h; path = BDCAppDelegate.h; sourceTree = "<group>"; };
		7E91E3FF15927C15005104AF /* BDCAppDelegate.m */ = {isa = PBXFileReference; lastKnownFileType = sourcecode.c.objc; path = BDCAppDelegate.m; sourceTree = "<group>"; };
		7E91E40215927C15005104AF /* en */ = {isa = PBXFileReference; lastKnownFileType = file.storyboard; name = en; path = en.lproj/MainStoryboard_iPhone.storyboard; sourceTree = "<group>"; };
		7E91E40515927C15005104AF /* en */ = {isa = PBXFileReference; lastKnownFileType = file.storyboard; name = en; path = en.lproj/MainStoryboard_iPad.storyboard; sourceTree = "<group>"; };
		7E91E40715927C15005104AF /* BDCViewController.h */ = {isa = PBXFileReference; lastKnownFileType = sourcecode.c.h; path = BDCViewController.h; sourceTree = "<group>"; };
		7E91E40815927C15005104AF /* BDCViewController.m */ = {isa = PBXFileReference; lastKnownFileType = sourcecode.c.objc; path = BDCViewController.m; sourceTree = "<group>"; };
		7E91E41315928886005104AF /* LoginViewController.h */ = {isa = PBXFileReference; fileEncoding = 4; lastKnownFileType = sourcecode.c.h; path = LoginViewController.h; sourceTree = "<group>"; };
		7E91E41415928886005104AF /* LoginViewController.m */ = {isa = PBXFileReference; fileEncoding = 4; lastKnownFileType = sourcecode.c.objc; path = LoginViewController.m; sourceTree = "<group>"; };
		7E91E416159394C4005104AF /* APViewController.h */ = {isa = PBXFileReference; fileEncoding = 4; lastKnownFileType = sourcecode.c.h; path = APViewController.h; sourceTree = "<group>"; };
		7E91E417159394C4005104AF /* APViewController.m */ = {isa = PBXFileReference; fileEncoding = 4; lastKnownFileType = sourcecode.c.objc; path = APViewController.m; sourceTree = "<group>"; };
		7E91E4191593C6D0005104AF /* Constants.h */ = {isa = PBXFileReference; fileEncoding = 4; lastKnownFileType = sourcecode.c.h; path = Constants.h; sourceTree = "<group>"; };
		7E91E41F1593F83B005104AF /* ScannerViewController.h */ = {isa = PBXFileReference; fileEncoding = 4; lastKnownFileType = sourcecode.c.h; path = ScannerViewController.h; sourceTree = "<group>"; };
		7E91E4201593F83B005104AF /* ScannerViewController.m */ = {isa = PBXFileReference; fileEncoding = 4; lastKnownFileType = sourcecode.c.objc; path = ScannerViewController.m; sourceTree = "<group>"; };
		7E91E4221593FA34005104AF /* MobileCoreServices.framework */ = {isa = PBXFileReference; lastKnownFileType = wrapper.framework; name = MobileCoreServices.framework; path = System/Library/Frameworks/MobileCoreServices.framework; sourceTree = SDKROOT; };
		7E91E42C15993E6D005104AF /* BOSelectorViewController.h */ = {isa = PBXFileReference; fileEncoding = 4; lastKnownFileType = sourcecode.c.h; path = BOSelectorViewController.h; sourceTree = "<group>"; };
		7E91E42D15993E6D005104AF /* BOSelectorViewController.m */ = {isa = PBXFileReference; fileEncoding = 4; lastKnownFileType = sourcecode.c.objc; path = BOSelectorViewController.m; sourceTree = "<group>"; };
		7E91E441159BCC2F005104AF /* CreateBillViewController.h */ = {isa = PBXFileReference; fileEncoding = 4; lastKnownFileType = sourcecode.c.h; path = CreateBillViewController.h; sourceTree = "<group>"; };
		7E91E448159D2E1E005104AF /* QuartzCore.framework */ = {isa = PBXFileReference; lastKnownFileType = wrapper.framework; name = QuartzCore.framework; path = System/Library/Frameworks/QuartzCore.framework; sourceTree = SDKROOT; };
		7E98A99817D07B3000698ED4 /* MenuIcon.png */ = {isa = PBXFileReference; lastKnownFileType = image.png; path = MenuIcon.png; sourceTree = "<group>"; };
		7E98A99D17DC470000698ED4 /* MapViewController.h */ = {isa = PBXFileReference; fileEncoding = 4; lastKnownFileType = sourcecode.c.h; path = MapViewController.h; sourceTree = "<group>"; };
		7E98A99E17DC470700698ED4 /* MapViewController.m */ = {isa = PBXFileReference; fileEncoding = 4; lastKnownFileType = sourcecode.c.objc; path = MapViewController.m; sourceTree = "<group>"; };
		7E98A9A017DC5C0C00698ED4 /* CoreLocation.framework */ = {isa = PBXFileReference; lastKnownFileType = wrapper.framework; name = CoreLocation.framework; path = System/Library/Frameworks/CoreLocation.framework; sourceTree = SDKROOT; };
		7E98A9A217DC5C2A00698ED4 /* MapKit.framework */ = {isa = PBXFileReference; lastKnownFileType = wrapper.framework; name = MapKit.framework; path = System/Library/Frameworks/MapKit.framework; sourceTree = SDKROOT; };
		7EA5BF3117C98DCE0075EEF3 /* Mobill_logo29.png */ = {isa = PBXFileReference; lastKnownFileType = image.png; path = Mobill_logo29.png; sourceTree = "<group>"; };
		7EA5BF3917C9D6880075EEF3 /* SlidingMenu30.png */ = {isa = PBXFileReference; lastKnownFileType = image.png; path = SlidingMenu30.png; sourceTree = "<group>"; };
		7EA5BF3D17C9DF2E0075EEF3 /* ActionMenu30.png */ = {isa = PBXFileReference; lastKnownFileType = image.png; path = ActionMenu30.png; sourceTree = "<group>"; };
		7EA5BF4117CB07D50075EEF3 /* PlusIcon.png */ = {isa = PBXFileReference; lastKnownFileType = image.png; path = PlusIcon.png; sourceTree = "<group>"; };
		7EA5BF4717CB0E290075EEF3 /* CheckMarkIcon.png */ = {isa = PBXFileReference; lastKnownFileType = image.png; path = CheckMarkIcon.png; sourceTree = "<group>"; };
		7EA5BF4917CC7CCF0075EEF3 /* Mobill50.png */ = {isa = PBXFileReference; lastKnownFileType = image.png; path = Mobill50.png; sourceTree = "<group>"; };
		7EA5BF4B17CC7D820075EEF3 /* Mobill40.png */ = {isa = PBXFileReference; lastKnownFileType = image.png; path = Mobill40.png; sourceTree = "<group>"; };
		7EE3920917DD2184007B1126 /* directionsIcon.png */ = {isa = PBXFileReference; lastKnownFileType = image.png; path = directionsIcon.png; sourceTree = "<group>"; };
		7EF87EB117F403D300FCE2C8 /* RecorderViewController.h */ = {isa = PBXFileReference; fileEncoding = 4; lastKnownFileType = sourcecode.c.h; path = RecorderViewController.h; sourceTree = "<group>"; };
		7EF87EB217F403D300FCE2C8 /* RecorderViewController.m */ = {isa = PBXFileReference; fileEncoding = 4; lastKnownFileType = sourcecode.c.objc; path = RecorderViewController.m; sourceTree = "<group>"; };
/* End PBXFileReference section */

/* Begin PBXFrameworksBuildPhase section */
		7E91E3E815927C15005104AF /* Frameworks */ = {
			isa = PBXFrameworksBuildPhase;
			buildActionMask = 2147483647;
			files = (
				7E98A9A317DC5C3100698ED4 /* MapKit.framework in Frameworks */,
				7E98A9A117DC5C1200698ED4 /* CoreLocation.framework in Frameworks */,
				0E3A157D17455CA0007F2DC6 /* QuickLook.framework in Frameworks */,
				0E7DCABB16030BD700D0B35E /* Security.framework in Frameworks */,
				0E56F3F51600047B0066B355 /* MessageUI.framework in Frameworks */,
				7E91E449159D2E1E005104AF /* QuartzCore.framework in Frameworks */,
				7E91E4231593FA34005104AF /* MobileCoreServices.framework in Frameworks */,
				7E91E3F015927C15005104AF /* UIKit.framework in Frameworks */,
				7E91E3F215927C15005104AF /* Foundation.framework in Frameworks */,
				7E91E3F415927C15005104AF /* CoreGraphics.framework in Frameworks */,
			);
			runOnlyForDeploymentPostprocessing = 0;
		};
/* End PBXFrameworksBuildPhase section */

/* Begin PBXGroup section */
		0E2C0AAC15EC419A0059C739 /* TabBarImages */ = {
			isa = PBXGroup;
			children = (
				0E5F5129177813FB001095C9 /* ProfileIcon.png */,
				0E5F51431778332F001095C9 /* ScannerIcon.png */,
				0EE2C128162CEB9100BB00DA /* InboxIcon.png */,
				0E5F512C17782623001095C9 /* BillsIcon.png */,
				0E3552CB1778B7F9007D1CB2 /* VendorsIcon.png */,
				0E5F512B17782623001095C9 /* InvoicesIcon.png */,
				0E5F512F177827D7001095C9 /* CustomersIcon.png */,
				0E5F5131177827D8001095C9 /* ItemsIcon.png */,
				0E5F513517782A95001095C9 /* MyCompaniesIcon.png */,
				0E5F513B1778329C001095C9 /* FeedbackIcon.png */,
				0E3552D11778BE81007D1CB2 /* TermofServiceIcon.png */,
				0E5F513D1778329C001095C9 /* LogOutIcon.png */,
			);
			name = TabBarImages;
			sourceTree = "<group>";
		};
		0E5F511817757B33001095C9 /* Documents */ = {
			isa = PBXGroup;
			children = (
				0E5F511917757C97001095C9 /* Term_of_service.txt */,
			);
			name = Documents;
			sourceTree = "<group>";
		};
		0E7F8B43172A5B8F0090464C /* Bill */ = {
			isa = PBXGroup;
			children = (
				0EE1185E17266650001AF86E /* BillsTableViewController.h */,
				0EE1185F17266650001AF86E /* BillsTableViewController.m */,
				0E7F8B3D1727B3920090464C /* EditBillViewController.h */,
				0E7F8B3E1727B3920090464C /* EditBillViewController.m */,
				0E761CFB1731EF310041292A /* PayBillViewController.h */,
				0E761CFC1731EF310041292A /* PayBillViewController.m */,
			);
			name = Bill;
			sourceTree = "<group>";
		};
		0E7F8B44172A5B9F0090464C /* Vendor */ = {
			isa = PBXGroup;
			children = (
				0E95DA2215F13C2C006D9752 /* VendorsTableViewController.h */,
				0E95DA2315F13C2C006D9752 /* VendorsTableViewController.m */,
				0E7F8B45172C2B5C0090464C /* EditVendorViewController.h */,
				0E7F8B46172C2B5C0090464C /* EditVendorViewController.m */,
			);
			name = Vendor;
			sourceTree = "<group>";
		};
		0E999E0C16DE5E6B00F1E39F /* Categories-DataStructure */ = {
			isa = PBXGroup;
			children = (
				0EC19CA3177FFD3F00D5B285 /* Node.h */,
				0EC19CA4177FFD3F00D5B285 /* Node.m */,
				0EC19CA6177FFE0100D5B285 /* LinkedList.h */,
				0EC19CA7177FFE0100D5B285 /* LinkedList.m */,
				0EC19CA0177FFBE800D5B285 /* LRU.h */,
				0EC19CA1177FFBE800D5B285 /* LRU.m */,
				0E999E0D16DE5E8E00F1E39F /* UIView+FindAndResignFirstResponder.h */,
				0E999E0E16DE5E8E00F1E39F /* UIView+FindAndResignFirstResponder.m */,
				0EAE1BA8170B9B780091B7FC /* UIViewController+Sliding.h */,
				0EAE1BA9170B9B780091B7FC /* UIViewController+Sliding.m */,
			);
			name = "Categories-DataStructure";
			sourceTree = "<group>";
		};
		0EA29AAF16D885E800386617 /* Customer */ = {
			isa = PBXGroup;
			children = (
				0EC88C9815F139C100A490EE /* CustomersTableViewController.h */,
				0EC88C9915F139C100A490EE /* CustomersTableViewController.m */,
				0EA29AAA16D2E6FA00386617 /* EditCustomerViewController.h */,
				0EA29AAB16D2E6FA00386617 /* EditCustomerViewController.m */,
			);
			name = Customer;
			sourceTree = "<group>";
		};
		0EA29AB016D8863100386617 /* Item */ = {
			isa = PBXGroup;
			children = (
				0E8FBADC160DA06B0074C01B /* ItemsTableViewController.h */,
				0E8FBADD160DA06B0074C01B /* ItemsTableViewController.m */,
				0E1A79151633790C001B24BF /* EditItemViewController.h */,
				0E1A79161633790C001B24BF /* EditItemViewController.m */,
			);
			name = Item;
			sourceTree = "<group>";
		};
		0EA29AB116D8865800386617 /* Invoice */ = {
			isa = PBXGroup;
			children = (
				0E2C0AC915F12D9A0059C739 /* InvoicesTableViewController.h */,
				0E2C0ACA15F12D9B0059C739 /* InvoicesTableViewController.m */,
				0E8FBAD6160D84BC0074C01B /* EditInvoiceViewController.h */,
				0E8FBAD7160D84BC0074C01B /* EditInvoiceViewController.m */,
				0EA09F1D15FC792700BBD180 /* InvoiceDetailsViewController.h */,
				0EA09F1E15FC792700BBD180 /* InvoiceDetailsViewController.m */,
				0E8ED1051619731900BFBDD0 /* AttachmentPreviewViewController.h */,
				0E8ED1061619731900BFBDD0 /* AttachmentPreviewViewController.m */,
			);
			name = Invoice;
			sourceTree = "<group>";
		};
		0EA29AB216DDBDAC00386617 /* AR */ = {
			isa = PBXGroup;
			children = (
				0EC88C9515F1374900A490EE /* AROverViewController.h */,
				0EC88C9615F1374900A490EE /* AROverViewController.m */,
				0EA29AB116D8865800386617 /* Invoice */,
				0EA29AAF16D885E800386617 /* Customer */,
				7E370EBE17E6D57C005B3538 /* Contact */,
				0EA29AB016D8863100386617 /* Item */,
			);
			name = AR;
			sourceTree = "<group>";
		};
		0EA29AB316DDBE2000386617 /* AP */ = {
			isa = PBXGroup;
			children = (
				7E91E416159394C4005104AF /* APViewController.h */,
				7E91E417159394C4005104AF /* APViewController.m */,
				0E7F8B43172A5B8F0090464C /* Bill */,
				0E7F8B44172A5B9F0090464C /* Vendor */,
				7E91E441159BCC2F005104AF /* CreateBillViewController.h */,
				0E8FBAD4160D844C0074C01B /* CreateBillViewController.m */,
			);
			name = AP;
			sourceTree = "<group>";
		};
		0EA29AB416DDBE7600386617 /* Sliding */ = {
			isa = PBXGroup;
			children = (
				0ED59D4D162DFD4E008DE1C9 /* SlidingViewController.h */,
				0ED59D4E162DFD4E008DE1C9 /* SlidingViewController.m */,
				0EE2C137162D231600BB00DA /* SlidingTableViewController.h */,
				0EE2C138162D231600BB00DA /* SlidingTableViewController.m */,
				0E847CEC171785C300C7FA53 /* SlidingListTableViewController.h */,
				0E847CED171785C300C7FA53 /* SlidingListTableViewController.m */,
				0E847CEF1717862A00C7FA53 /* SlidingDetailsTableViewController.h */,
				0E847CF01717862A00C7FA53 /* SlidingDetailsTableViewController.m */,
				0EEB9F731756B26B00AAAC35 /* SlidingCollectionViewController.h */,
				0EEB9F741756B26B00AAAC35 /* SlidingCollectionViewController.m */,
			);
			name = Sliding;
			sourceTree = "<group>";
		};
		0EA29AB516DDBE9900386617 /* Login */ = {
			isa = PBXGroup;
			children = (
				0E68460D1609863B00716412 /* SplashViewController.h */,
				0E68460E1609863C00716412 /* SplashViewController.m */,
				7E91E41315928886005104AF /* LoginViewController.h */,
				7E91E41415928886005104AF /* LoginViewController.m */,
				7E579F8215AB9561009D1455 /* SelectOrgViewController.h */,
				7E579F8315AB9561009D1455 /* SelectOrgViewController.m */,
			);
			name = Login;
			sourceTree = "<group>";
		};
		0EA29AB616DDBEE500386617 /* Menu */ = {
			isa = PBXGroup;
			children = (
				0ED59D4A162DDFB8008DE1C9 /* RootMenuViewController.h */,
				0ED59D4B162DDFB9008DE1C9 /* RootMenuViewController.m */,
				0E967EA216F2DC0500882B10 /* ActionMenuViewController.h */,
				0E967EA316F2DC0600882B10 /* ActionMenuViewController.m */,
			);
			name = Menu;
			sourceTree = "<group>";
		};
		0EB2190917472E1A00382C44 /* FileIcons */ = {
			isa = PBXGroup;
			children = (
				0EB2192817472EE600382C44 /* csv_icon.png */,
				0ECF42B2175BC22A00BA7C7B /* doc_icon.png */,
				0ECF42B4175BC24600BA7C7B /* docx_icon.png */,
				0ECF42B6175BC27400BA7C7B /* exe_icon.png */,
				0ECF42B8175BC29500BA7C7B /* gif_icon.png */,
				0ECF42BC175BC2D600BA7C7B /* jpeg_icon.png */,
				0ECF42BA175BC2C100BA7C7B /* jpg_icon.png */,
				0ECF42BE175BC35B00BA7C7B /* mov_icon.png */,
				0ECF42C0175BC37500BA7C7B /* mp3_icon.png */,
				0ECF42C2175BC38900BA7C7B /* pdf_icon.png */,
				0ECF42C4175BC39900BA7C7B /* png_icon.png */,
				0ECF42C6175BC3D100BA7C7B /* ppt_icon.png */,
				0ECF42C8175BC3E800BA7C7B /* pptx_icon.png */,
				0ECF42CA175BC40A00BA7C7B /* rar_icon.png */,
				0ECF42CC175BC41F00BA7C7B /* tiff_icon.png */,
				0E3A157A1744563C007F2DC6 /* txt_icon.png */,
				0ECF42CE175BC43900BA7C7B /* unknown_file_icon.png */,
				0ECF42D0175BC45000BA7C7B /* wav_icon.png */,
				0ECF42D2175BC46700BA7C7B /* wma_icon.png */,
				0ECF42D4175BC47700BA7C7B /* wmv_icon.png */,
				0ECF42D6175BC48A00BA7C7B /* xls_icon.png */,
				0ECF42D8175BC49A00BA7C7B /* xlsx_icon.png */,
				0ECF42DA175BC4BC00BA7C7B /* zip_icon.png */,
			);
			name = FileIcons;
			sourceTree = "<group>";
		};
		0EEB9F791756B8A400AAAC35 /* Document */ = {
			isa = PBXGroup;
			children = (
				0EEB9F7A1756B91300AAAC35 /* DocumentCell.h */,
				0EEB9F7B1756B91300AAAC35 /* DocumentCell.m */,
				0EEB9F761756B5AE00AAAC35 /* InboxViewController.h */,
				0EEB9F771756B5AE00AAAC35 /* InboxViewController.m */,
				7E91E41F1593F83B005104AF /* ScannerViewController.h */,
				7E91E4201593F83B005104AF /* ScannerViewController.m */,
				7EF87EB117F403D300FCE2C8 /* RecorderViewController.h */,
				7EF87EB217F403D300FCE2C8 /* RecorderViewController.m */,
			);
			name = Document;
			sourceTree = "<group>";
		};
		7E370EBE17E6D57C005B3538 /* Contact */ = {
			isa = PBXGroup;
			children = (
				7E370EC317E82EE0005B3538 /* ContactsTableViewController.h */,
				7E370EC417E82EE0005B3538 /* ContactsTableViewController.m */,
				7E370EBB17E6D56B005B3538 /* EditContactViewController.h */,
				7E370EBC17E6D56C005B3538 /* EditContactViewController.m */,
			);
			name = Contact;
			sourceTree = "<group>";
		};
		7E370EBF17E6D7B9005B3538 /* Map */ = {
			isa = PBXGroup;
			children = (
				7E98A99D17DC470000698ED4 /* MapViewController.h */,
				7E98A99E17DC470700698ED4 /* MapViewController.m */,
			);
			name = Map;
			sourceTree = "<group>";
		};
		7E579F5F15A37CFF009D1455 /* Models */ = {
			isa = PBXGroup;
			children = (
				0E8FBAD9160D94840074C01B /* BDCBusinessObject.h */,
				0E8FBADA160D94840074C01B /* BDCBusinessObject.m */,
				7E579F8515ABA91A009D1455 /* Organization.h */,
				7E579F8615ABA91A009D1455 /* Organization.m */,
				0EA33395172733AC00FB92F3 /* APBusinessObject.h */,
				0EA33396172733AC00FB92F3 /* APBusinessObject.m */,
				7E579F5815A21F1E009D1455 /* Bill.h */,
				7E579F5915A21F1E009D1455 /* Bill.m */,
				0E7F8B40172860AF0090464C /* Vendor.h */,
				0E7F8B41172860B00090464C /* Vendor.m */,
				0EA33398172754D100FB92F3 /* APLineItem.h */,
				0EA33399172754D100FB92F3 /* APLineItem.m */,
				0EA3339B172755F800FB92F3 /* ChartOfAccount.h */,
				0EA3339C172755F800FB92F3 /* ChartOfAccount.m */,
				0E2C0AC115EC44390059C739 /* Invoice.h */,
				0E2C0AC215EC44390059C739 /* Invoice.m */,
				0EA09F1715FAAD0100BBD180 /* Customer.h */,
				0EA09F1815FAAD0100BBD180 /* Customer.m */,
				0E8FBAD0160D10B00074C01B /* Item.h */,
				0E8FBAD1160D10B00074C01B /* Item.m */,
				7E370EC017E6D813005B3538 /* CustomerContact.h */,
				7E370EC117E6D814005B3538 /* CustomerContact.m */,
				0E3A156C173F753B007F2DC6 /* BankAccount.h */,
				0E3A156D173F753B007F2DC6 /* BankAccount.m */,
				0E3A156F1742F958007F2DC6 /* Document.h */,
				0E3A15701742F958007F2DC6 /* Document.m */,
				0EB21934174B3B2300382C44 /* BDCBusinessObjectWithAttachments.h */,
				0EB21935174B3B2300382C44 /* BDCBusinessObjectWithAttachments.m */,
				0E188B8A176C435300493EE1 /* BDCBusinessObjectWithAttachmentsAndAddress.h */,
				0E188B8B176C435300493EE1 /* BDCBusinessObjectWithAttachmentsAndAddress.m */,
			);
			name = Models;
			sourceTree = "<group>";
		};
		7E579F6015A37D98009D1455 /* Util */ = {
			isa = PBXGroup;
			children = (
				7E579F5C15A234EB009D1455 /* APIHandler.h */,
				7E579F5D15A234EB009D1455 /* APIHandler.m */,
				0EA09F1315F927A100BBD180 /* Util.h */,
				0EA09F1415F927A100BBD180 /* Util.m */,
				0E7DCAC21603CCC400D0B35E /* UIHelper.h */,
				0E7DCAC31603CCC400D0B35E /* UIHelper.m */,
				0EE9B10E160AF3F7002A5950 /* Uploader.h */,
				0EE9B10F160AF3F7002A5950 /* Uploader.m */,
				0E7DCABF16030FCD00D0B35E /* KeychainItemWrapper.h */,
				0E7DCAC016030FCD00D0B35E /* KeychainItemWrapper.m */,
			);
			name = Util;
			sourceTree = "<group>";
		};
		7E579F6115A37DD3009D1455 /* Views */ = {
			isa = PBXGroup;
			children = (
				7E91E40115927C15005104AF /* MainStoryboard_iPhone.storyboard */,
				7E91E40415927C15005104AF /* MainStoryboard_iPad.storyboard */,
			);
			name = Views;
			sourceTree = "<group>";
		};
		7E579F6215A37E25009D1455 /* Constants */ = {
			isa = PBXGroup;
			children = (
				7E91E4191593C6D0005104AF /* Constants.h */,
				0EA29AAE16D4B69300386617 /* Geo.h */,
				0E967E9F16E4182100882B10 /* Labels.h */,
			);
			name = Constants;
			sourceTree = "<group>";
		};
		7E579F6315A37E3C009D1455 /* Controllers */ = {
			isa = PBXGroup;
			children = (
				7E91E40715927C15005104AF /* BDCViewController.h */,
				7E91E40815927C15005104AF /* BDCViewController.m */,
				7E579F8815ACE571009D1455 /* UserProfileViewController.h */,
				7E579F8915ACE571009D1455 /* UserProfileViewController.m */,
				7E91E42C15993E6D005104AF /* BOSelectorViewController.h */,
				7E91E42D15993E6D005104AF /* BOSelectorViewController.m */,
				0E0B9E9B17751CE900C2AF30 /* TermOfServiceViewController.h */,
				0E0B9E9C17751CE900C2AF30 /* TermOfServiceViewController.m */,
				0EA29AB416DDBE7600386617 /* Sliding */,
				7E370EBF17E6D7B9005B3538 /* Map */,
				0EA29AB516DDBE9900386617 /* Login */,
				0EA29AB616DDBEE500386617 /* Menu */,
				0EEB9F791756B8A400AAAC35 /* Document */,
				0EA29AB316DDBE2000386617 /* AP */,
				0EA29AB216DDBDAC00386617 /* AR */,
			);
			name = Controllers;
			sourceTree = "<group>";
		};
		7E91E3E015927C15005104AF = {
			isa = PBXGroup;
			children = (
				7E98A9A217DC5C2A00698ED4 /* MapKit.framework */,
				7E98A9A017DC5C0C00698ED4 /* CoreLocation.framework */,
				0EC49B0317C5E4AF0043B37A /* Mobill_logo114.png */,
				0EC49B0117C5E49E0043B37A /* Mobill_logo57.png */,
				7E370EB917E196B2005B3538 /* Mobill_logo120.png */,
				0E3A157C17455CA0007F2DC6 /* QuickLook.framework */,
				0E01C34E172214FF00184702 /* .gitignore */,
				0EE9B10B160A6D83002A5950 /* Default-568h@2x.png */,
				0E7DCABA16030BD700D0B35E /* Security.framework */,
				0E56F3F41600047B0066B355 /* MessageUI.framework */,
				7E91E448159D2E1E005104AF /* QuartzCore.framework */,
				7E91E4221593FA34005104AF /* MobileCoreServices.framework */,
				7E91E3F515927C15005104AF /* BDC */,
				7E91E3EE15927C15005104AF /* Frameworks */,
				7E91E3EC15927C15005104AF /* Products */,
			);
			sourceTree = "<group>";
		};
		7E91E3EC15927C15005104AF /* Products */ = {
			isa = PBXGroup;
			children = (
				7E91E3EB15927C15005104AF /* Mobill.app */,
			);
			name = Products;
			sourceTree = "<group>";
		};
		7E91E3EE15927C15005104AF /* Frameworks */ = {
			isa = PBXGroup;
			children = (
				7E91E3EF15927C15005104AF /* UIKit.framework */,
				7E91E3F115927C15005104AF /* Foundation.framework */,
				7E91E3F315927C15005104AF /* CoreGraphics.framework */,
			);
			name = Frameworks;
			sourceTree = "<group>";
		};
		7E91E3F515927C15005104AF /* BDC */ = {
			isa = PBXGroup;
			children = (
				0E999E0C16DE5E6B00F1E39F /* Categories-DataStructure */,
				7E579F5F15A37CFF009D1455 /* Models */,
				7E579F6115A37DD3009D1455 /* Views */,
				7E579F6315A37E3C009D1455 /* Controllers */,
				7E579F6015A37D98009D1455 /* Util */,
				7E91E42415992369005104AF /* Resources */,
				7E91E3F615927C15005104AF /* Supporting Files */,
			);
			path = BDC;
			sourceTree = "<group>";
		};
		7E91E3F615927C15005104AF /* Supporting Files */ = {
			isa = PBXGroup;
			children = (
				7E91E3FE15927C15005104AF /* BDCAppDelegate.h */,
				7E91E3FF15927C15005104AF /* BDCAppDelegate.m */,
				7E91E3F715927C15005104AF /* BDC-Info.plist */,
				7E91E3F815927C15005104AF /* InfoPlist.strings */,
				7E91E3FB15927C15005104AF /* main.m */,
				7E91E3FD15927C15005104AF /* BDC-Prefix.pch */,
			);
			name = "Supporting Files";
			sourceTree = "<group>";
		};
		7E91E42415992369005104AF /* Resources */ = {
			isa = PBXGroup;
			children = (
				0E5F511817757B33001095C9 /* Documents */,
				7E579F6215A37E25009D1455 /* Constants */,
				7E91E42515992383005104AF /* Images */,
			);
			name = Resources;
			sourceTree = "<group>";
		};
		7E91E42515992383005104AF /* Images */ = {
			isa = PBXGroup;
			children = (
				0E2C0AAC15EC419A0059C739 /* TabBarImages */,
				7E579F6415A80C8F009D1455 /* BDClogo.png */,
				7EA5BF3117C98DCE0075EEF3 /* Mobill_logo29.png */,
				7EA5BF4B17CC7D820075EEF3 /* Mobill40.png */,
				7EA5BF4917CC7CCF0075EEF3 /* Mobill50.png */,
				7E98A99817D07B3000698ED4 /* MenuIcon.png */,
				7EA5BF3917C9D6880075EEF3 /* SlidingMenu30.png */,
				7EA5BF3D17C9DF2E0075EEF3 /* ActionMenu30.png */,
				7EA5BF4117CB07D50075EEF3 /* PlusIcon.png */,
				7EA5BF4717CB0E290075EEF3 /* CheckMarkIcon.png */,
				0E14EC5E1603ED960098EB03 /* warning.png */,
				0E14EC5F1603ED960098EB03 /* success.png */,
				0EC49AF917B9F6940043B37A /* arrow_down_gray.png */,
				0EC49AFA17B9F6950043B37A /* arrow_down_blue.png */,
				0E6B083E177A5CC200681E9D /* CompanyIcon.png */,
				7EE3920917DD2184007B1126 /* directionsIcon.png */,
				7E370EB517DD8E3F005B3538 /* emailIcon.png */,
				7E370EB717DD90EC005B3538 /* emailIcon1.png */,
				7E370EAD17DD89C8005B3538 /* phoneIcon.png */,
				0EB2190917472E1A00382C44 /* FileIcons */,
			);
			name = Images;
			sourceTree = "<group>";
		};
/* End PBXGroup section */

/* Begin PBXNativeTarget section */
		7E91E3EA15927C15005104AF /* Mobill */ = {
			isa = PBXNativeTarget;
			buildConfigurationList = 7E91E40C15927C15005104AF /* Build configuration list for PBXNativeTarget "Mobill" */;
			buildPhases = (
				7E91E3E715927C15005104AF /* Sources */,
				7E91E3E815927C15005104AF /* Frameworks */,
				7E91E3E915927C15005104AF /* Resources */,
			);
			buildRules = (
			);
			dependencies = (
			);
			name = Mobill;
			productName = BDC;
			productReference = 7E91E3EB15927C15005104AF /* Mobill.app */;
			productType = "com.apple.product-type.application";
		};
/* End PBXNativeTarget section */

/* Begin PBXProject section */
		7E91E3E215927C15005104AF /* Project object */ = {
			isa = PBXProject;
			attributes = {
				CLASSPREFIX = Mobill;
				LastUpgradeCheck = 0500;
				ORGANIZATIONNAME = "Mobill Inc.";
			};
			buildConfigurationList = 7E91E3E515927C15005104AF /* Build configuration list for PBXProject "Mobill" */;
			compatibilityVersion = "Xcode 3.2";
			developmentRegion = English;
			hasScannedForEncodings = 0;
			knownRegions = (
				en,
			);
			mainGroup = 7E91E3E015927C15005104AF;
			productRefGroup = 7E91E3EC15927C15005104AF /* Products */;
			projectDirPath = "";
			projectRoot = "";
			targets = (
				7E91E3EA15927C15005104AF /* Mobill */,
			);
		};
/* End PBXProject section */

/* Begin PBXResourcesBuildPhase section */
		7E91E3E915927C15005104AF /* Resources */ = {
			isa = PBXResourcesBuildPhase;
			buildActionMask = 2147483647;
			files = (
				7E91E3FA15927C15005104AF /* InfoPlist.strings in Resources */,
				7E91E40315927C15005104AF /* MainStoryboard_iPhone.storyboard in Resources */,
				7E91E40615927C15005104AF /* MainStoryboard_iPad.storyboard in Resources */,
				7E579F6515A80C8F009D1455 /* BDClogo.png in Resources */,
				0E14EC601603ED960098EB03 /* warning.png in Resources */,
				0E14EC611603ED960098EB03 /* success.png in Resources */,
				0EE9B10C160A6D83002A5950 /* Default-568h@2x.png in Resources */,
				0EE2C12E162CEB9100BB00DA /* InboxIcon.png in Resources */,
				0E01C34F172214FF00184702 /* .gitignore in Resources */,
				0E3A157B1744563C007F2DC6 /* txt_icon.png in Resources */,
				0EB2192917472EE600382C44 /* csv_icon.png in Resources */,
				0ECF42B3175BC22A00BA7C7B /* doc_icon.png in Resources */,
				0ECF42B5175BC24600BA7C7B /* docx_icon.png in Resources */,
				0ECF42B7175BC27400BA7C7B /* exe_icon.png in Resources */,
				0ECF42B9175BC29500BA7C7B /* gif_icon.png in Resources */,
				0ECF42BB175BC2C100BA7C7B /* jpg_icon.png in Resources */,
				0ECF42BD175BC2D600BA7C7B /* jpeg_icon.png in Resources */,
				0ECF42BF175BC35B00BA7C7B /* mov_icon.png in Resources */,
				0ECF42C1175BC37500BA7C7B /* mp3_icon.png in Resources */,
				0ECF42C3175BC38900BA7C7B /* pdf_icon.png in Resources */,
				0ECF42C5175BC39900BA7C7B /* png_icon.png in Resources */,
				0ECF42C7175BC3D100BA7C7B /* ppt_icon.png in Resources */,
				0ECF42C9175BC3E800BA7C7B /* pptx_icon.png in Resources */,
				0ECF42CB175BC40A00BA7C7B /* rar_icon.png in Resources */,
				0ECF42CD175BC41F00BA7C7B /* tiff_icon.png in Resources */,
				0ECF42CF175BC43900BA7C7B /* unknown_file_icon.png in Resources */,
				0ECF42D1175BC45000BA7C7B /* wav_icon.png in Resources */,
				0ECF42D3175BC46700BA7C7B /* wma_icon.png in Resources */,
				0ECF42D5175BC47700BA7C7B /* wmv_icon.png in Resources */,
				0ECF42D7175BC48A00BA7C7B /* xls_icon.png in Resources */,
				0ECF42D9175BC49A00BA7C7B /* xlsx_icon.png in Resources */,
				0ECF42DB175BC4BC00BA7C7B /* zip_icon.png in Resources */,
				0E5F511A17757C97001095C9 /* Term_of_service.txt in Resources */,
				0E5F512A177813FB001095C9 /* ProfileIcon.png in Resources */,
				0E5F512D17782623001095C9 /* InvoicesIcon.png in Resources */,
				0E5F512E17782623001095C9 /* BillsIcon.png in Resources */,
				0E5F5132177827D8001095C9 /* CustomersIcon.png in Resources */,
				0E5F5134177827D8001095C9 /* ItemsIcon.png in Resources */,
				0E5F513617782A95001095C9 /* MyCompaniesIcon.png in Resources */,
				0E5F513E1778329C001095C9 /* FeedbackIcon.png in Resources */,
				0E5F51401778329C001095C9 /* LogOutIcon.png in Resources */,
				0E5F51441778332F001095C9 /* ScannerIcon.png in Resources */,
				0E3552CC1778B7F9007D1CB2 /* VendorsIcon.png in Resources */,
				0E3552D21778BE81007D1CB2 /* TermofServiceIcon.png in Resources */,
				0E6B083F177A5CC200681E9D /* CompanyIcon.png in Resources */,
				0EC49AFB17B9F6950043B37A /* arrow_down_gray.png in Resources */,
				0EC49AFC17B9F6950043B37A /* arrow_down_blue.png in Resources */,
				0EC49B0217C5E49F0043B37A /* Mobill_logo57.png in Resources */,
				0EC49B0417C5E4AF0043B37A /* Mobill_logo114.png in Resources */,
				7EA5BF3217C98DCE0075EEF3 /* Mobill_logo29.png in Resources */,
				7EA5BF3A17C9D6880075EEF3 /* SlidingMenu30.png in Resources */,
				7EA5BF3E17C9DF2E0075EEF3 /* ActionMenu30.png in Resources */,
				7EA5BF4217CB07D50075EEF3 /* PlusIcon.png in Resources */,
				7EA5BF4817CB0E290075EEF3 /* CheckMarkIcon.png in Resources */,
				7EA5BF4A17CC7CCF0075EEF3 /* Mobill50.png in Resources */,
				7EA5BF4C17CC7D830075EEF3 /* Mobill40.png in Resources */,
				7E98A99917D07B3000698ED4 /* MenuIcon.png in Resources */,
				7EE3920A17DD2184007B1126 /* directionsIcon.png in Resources */,
				7E370EAE17DD89C8005B3538 /* phoneIcon.png in Resources */,
				7E370EB617DD8E3F005B3538 /* emailIcon.png in Resources */,
				7E370EB817DD90EC005B3538 /* emailIcon1.png in Resources */,
				7E370EBA17E196B2005B3538 /* Mobill_logo120.png in Resources */,
			);
			runOnlyForDeploymentPostprocessing = 0;
		};
/* End PBXResourcesBuildPhase section */

/* Begin PBXSourcesBuildPhase section */
		7E91E3E715927C15005104AF /* Sources */ = {
			isa = PBXSourcesBuildPhase;
			buildActionMask = 2147483647;
			files = (
				0E7DCAC11603A1DD00D0B35E /* KeychainItemWrapper.m in Sources */,
				7E91E3FC15927C15005104AF /* main.m in Sources */,
				7E91E40015927C15005104AF /* BDCAppDelegate.m in Sources */,
				7E91E40915927C15005104AF /* BDCViewController.m in Sources */,
				7E91E41515928886005104AF /* LoginViewController.m in Sources */,
				7E91E418159394C4005104AF /* APViewController.m in Sources */,
				7E91E4211593F83B005104AF /* ScannerViewController.m in Sources */,
				7E91E42E15993E6D005104AF /* BOSelectorViewController.m in Sources */,
				7E579F5A15A21F1E009D1455 /* Bill.m in Sources */,
				7E579F5E15A234EB009D1455 /* APIHandler.m in Sources */,
				7E579F8415AB9561009D1455 /* SelectOrgViewController.m in Sources */,
				7E579F8715ABA91A009D1455 /* Organization.m in Sources */,
				7E579F8A15ACE571009D1455 /* UserProfileViewController.m in Sources */,
				0E2C0AC315EC44390059C739 /* Invoice.m in Sources */,
				0E2C0ACB15F12D9B0059C739 /* InvoicesTableViewController.m in Sources */,
				0EC88C9715F1374900A490EE /* AROverViewController.m in Sources */,
				0EC88C9A15F139C100A490EE /* CustomersTableViewController.m in Sources */,
				0E95DA2415F13C2C006D9752 /* VendorsTableViewController.m in Sources */,
				0EA09F1515F927A100BBD180 /* Util.m in Sources */,
				0EA09F1915FAAD0100BBD180 /* Customer.m in Sources */,
				0EA09F1F15FC792800BBD180 /* InvoiceDetailsViewController.m in Sources */,
				0E7DCAC41603CCC400D0B35E /* UIHelper.m in Sources */,
				0E68460F1609863C00716412 /* SplashViewController.m in Sources */,
				0EE9B110160AF3F7002A5950 /* Uploader.m in Sources */,
				0E8FBAD2160D10B00074C01B /* Item.m in Sources */,
				0E8FBAD5160D844C0074C01B /* CreateBillViewController.m in Sources */,
				0E8FBAD8160D84BC0074C01B /* EditInvoiceViewController.m in Sources */,
				0E8FBADB160D94840074C01B /* BDCBusinessObject.m in Sources */,
				0E8FBADE160DA06C0074C01B /* ItemsTableViewController.m in Sources */,
				0E8ED1071619731900BFBDD0 /* AttachmentPreviewViewController.m in Sources */,
				0EE2C139162D231600BB00DA /* SlidingTableViewController.m in Sources */,
				0ED59D4C162DDFB9008DE1C9 /* RootMenuViewController.m in Sources */,
				0ED59D4F162DFD4F008DE1C9 /* SlidingViewController.m in Sources */,
				0E1A79171633790D001B24BF /* EditItemViewController.m in Sources */,
				0EA29AAC16D2E6FA00386617 /* EditCustomerViewController.m in Sources */,
				0E999E0F16DE5E8E00F1E39F /* UIView+FindAndResignFirstResponder.m in Sources */,
				0E967EA416F2DC0600882B10 /* ActionMenuViewController.m in Sources */,
				0EAE1BAA170B9B780091B7FC /* UIViewController+Sliding.m in Sources */,
				0E847CEE171785C400C7FA53 /* SlidingListTableViewController.m in Sources */,
				0E847CF11717862A00C7FA53 /* SlidingDetailsTableViewController.m in Sources */,
				7EF87EB317F403D300FCE2C8 /* RecorderViewController.m in Sources */,
				0EE1186017266650001AF86E /* BillsTableViewController.m in Sources */,
				0EA33397172733AC00FB92F3 /* APBusinessObject.m in Sources */,
				0EA3339A172754D100FB92F3 /* APLineItem.m in Sources */,
				0EA3339D172755F800FB92F3 /* ChartOfAccount.m in Sources */,
				0E7F8B3F1727B3920090464C /* EditBillViewController.m in Sources */,
				0E7F8B42172860B00090464C /* Vendor.m in Sources */,
				0E7F8B47172C2B5C0090464C /* EditVendorViewController.m in Sources */,
				0E761CFD1731EF310041292A /* PayBillViewController.m in Sources */,
				0E3A156E173F753B007F2DC6 /* BankAccount.m in Sources */,
				0E3A15711742F958007F2DC6 /* Document.m in Sources */,
				0EB21936174B3B2300382C44 /* BDCBusinessObjectWithAttachments.m in Sources */,
				0EEB9F751756B26B00AAAC35 /* SlidingCollectionViewController.m in Sources */,
				0EEB9F781756B5AE00AAAC35 /* InboxViewController.m in Sources */,
				0EEB9F7C1756B91300AAAC35 /* DocumentCell.m in Sources */,
				0E188B8C176C435300493EE1 /* BDCBusinessObjectWithAttachmentsAndAddress.m in Sources */,
				0E0B9E9D17751CE900C2AF30 /* TermOfServiceViewController.m in Sources */,
				0EC19CA2177FFBE800D5B285 /* LRU.m in Sources */,
				0EC19CA5177FFD3F00D5B285 /* Node.m in Sources */,
				0EC19CA8177FFE0100D5B285 /* LinkedList.m in Sources */,
				7E98A99F17DC471400698ED4 /* MapViewController.m in Sources */,
				7E370EBD17E6D56D005B3538 /* EditContactViewController.m in Sources */,
				7E370EC217E6D815005B3538 /* CustomerContact.m in Sources */,
				7E370EC517E82EE0005B3538 /* ContactsTableViewController.m in Sources */,
			);
			runOnlyForDeploymentPostprocessing = 0;
		};
/* End PBXSourcesBuildPhase section */

/* Begin PBXVariantGroup section */
		7E91E3F815927C15005104AF /* InfoPlist.strings */ = {
			isa = PBXVariantGroup;
			children = (
				7E91E3F915927C15005104AF /* en */,
			);
			name = InfoPlist.strings;
			sourceTree = "<group>";
		};
		7E91E40115927C15005104AF /* MainStoryboard_iPhone.storyboard */ = {
			isa = PBXVariantGroup;
			children = (
				7E91E40215927C15005104AF /* en */,
			);
			name = MainStoryboard_iPhone.storyboard;
			sourceTree = "<group>";
		};
		7E91E40415927C15005104AF /* MainStoryboard_iPad.storyboard */ = {
			isa = PBXVariantGroup;
			children = (
				7E91E40515927C15005104AF /* en */,
			);
			name = MainStoryboard_iPad.storyboard;
			sourceTree = "<group>";
		};
/* End PBXVariantGroup section */

/* Begin XCBuildConfiguration section */
		7E91E40A15927C15005104AF /* Debug */ = {
			isa = XCBuildConfiguration;
			buildSettings = {
				ALWAYS_SEARCH_USER_PATHS = NO;
				CLANG_ENABLE_OBJC_ARC = YES;
				CLANG_WARN_BOOL_CONVERSION = YES;
				CLANG_WARN_CONSTANT_CONVERSION = YES;
				CLANG_WARN_EMPTY_BODY = YES;
				CLANG_WARN_ENUM_CONVERSION = YES;
				CLANG_WARN_INT_CONVERSION = YES;
				CLANG_WARN__DUPLICATE_METHOD_MATCH = YES;
				"CODE_SIGN_IDENTITY[sdk=iphoneos*]" = "iPhone Developer";
				COPY_PHASE_STRIP = NO;
				GCC_C_LANGUAGE_STANDARD = gnu99;
				GCC_DYNAMIC_NO_PIC = NO;
				GCC_OPTIMIZATION_LEVEL = 0;
				GCC_PREPROCESSOR_DEFINITIONS = (
					"DEBUG=1",
					"$(inherited)",
				);
				GCC_SYMBOLS_PRIVATE_EXTERN = NO;
				GCC_VERSION = com.apple.compilers.llvm.clang.1_0;
				GCC_WARN_64_TO_32_BIT_CONVERSION = YES;
				GCC_WARN_ABOUT_RETURN_TYPE = YES;
				GCC_WARN_UNDECLARED_SELECTOR = YES;
				GCC_WARN_UNINITIALIZED_AUTOS = YES;
				GCC_WARN_UNUSED_FUNCTION = YES;
				GCC_WARN_UNUSED_VARIABLE = YES;
				IPHONEOS_DEPLOYMENT_TARGET = 5.1;
				ONLY_ACTIVE_ARCH = YES;
				SDKROOT = iphoneos;
				TARGETED_DEVICE_FAMILY = "1,2";
			};
			name = Debug;
		};
		7E91E40B15927C15005104AF /* Release */ = {
			isa = XCBuildConfiguration;
			buildSettings = {
				ALWAYS_SEARCH_USER_PATHS = NO;
				CLANG_ENABLE_OBJC_ARC = YES;
				CLANG_WARN_BOOL_CONVERSION = YES;
				CLANG_WARN_CONSTANT_CONVERSION = YES;
				CLANG_WARN_EMPTY_BODY = YES;
				CLANG_WARN_ENUM_CONVERSION = YES;
				CLANG_WARN_INT_CONVERSION = YES;
				CLANG_WARN__DUPLICATE_METHOD_MATCH = YES;
				"CODE_SIGN_IDENTITY[sdk=iphoneos*]" = "iPhone Developer";
				COPY_PHASE_STRIP = YES;
				GCC_C_LANGUAGE_STANDARD = gnu99;
				GCC_VERSION = com.apple.compilers.llvm.clang.1_0;
				GCC_WARN_64_TO_32_BIT_CONVERSION = YES;
				GCC_WARN_ABOUT_RETURN_TYPE = YES;
				GCC_WARN_UNDECLARED_SELECTOR = YES;
				GCC_WARN_UNINITIALIZED_AUTOS = YES;
				GCC_WARN_UNUSED_FUNCTION = YES;
				GCC_WARN_UNUSED_VARIABLE = YES;
				IPHONEOS_DEPLOYMENT_TARGET = 5.1;
				OTHER_CFLAGS = "-DNS_BLOCK_ASSERTIONS=1";
				SDKROOT = iphoneos;
				TARGETED_DEVICE_FAMILY = "1,2";
				VALIDATE_PRODUCT = YES;
			};
			name = Release;
		};
		7E91E40D15927C15005104AF /* Debug */ = {
			isa = XCBuildConfiguration;
			buildSettings = {
				CODE_SIGN_IDENTITY = "iPhone Developer";
				"CODE_SIGN_IDENTITY[sdk=*]" = "iPhone Developer: Qinwei Gong (B77F7AKCX2)";
				GCC_PRECOMPILE_PREFIX_HEADER = YES;
				GCC_PREFIX_HEADER = "BDC/BDC-Prefix.pch";
				INFOPLIST_FILE = "BDC/BDC-Info.plist";
				IPHONEOS_DEPLOYMENT_TARGET = 6.1;
				PRODUCT_NAME = Mobill;
				PROVISIONING_PROFILE = "";
				"PROVISIONING_PROFILE[sdk=*]" = "31B75EC6-CC9B-4118-907F-729CB24B87B3";
				SKIP_INSTALL = NO;
				TARGETED_DEVICE_FAMILY = 1;
				WRAPPER_EXTENSION = app;
			};
			name = Debug;
		};
		7E91E40E15927C15005104AF /* Release */ = {
			isa = XCBuildConfiguration;
			buildSettings = {
				CODE_SIGN_IDENTITY = "iPhone Distribution: Qinwei Gong (DQ29659ZU2)";
				"CODE_SIGN_IDENTITY[sdk=*]" = "iPhone Distribution: Qinwei Gong (DQ29659ZU2)";
				"CODE_SIGN_IDENTITY[sdk=iphoneos*]" = "iPhone Distribution: Qinwei Gong (DQ29659ZU2)";
				GCC_PRECOMPILE_PREFIX_HEADER = YES;
				GCC_PREFIX_HEADER = "BDC/BDC-Prefix.pch";
				INFOPLIST_FILE = "BDC/BDC-Info.plist";
				IPHONEOS_DEPLOYMENT_TARGET = 6.1;
				PRODUCT_NAME = Mobill;
				PROVISIONING_PROFILE = "80B73EF6-78BF-4E6D-B269-4E93CED89D97";
				"PROVISIONING_PROFILE[sdk=*]" = "80B73EF6-78BF-4E6D-B269-4E93CED89D97";
				"PROVISIONING_PROFILE[sdk=iphoneos*]" = "80B73EF6-78BF-4E6D-B269-4E93CED89D97";
				SKIP_INSTALL = NO;
				TARGETED_DEVICE_FAMILY = 1;
				WRAPPER_EXTENSION = app;
			};
			name = Release;
		};
/* End XCBuildConfiguration section */

/* Begin XCConfigurationList section */
		7E91E3E515927C15005104AF /* Build configuration list for PBXProject "Mobill" */ = {
			isa = XCConfigurationList;
			buildConfigurations = (
				7E91E40A15927C15005104AF /* Debug */,
				7E91E40B15927C15005104AF /* Release */,
			);
			defaultConfigurationIsVisible = 0;
			defaultConfigurationName = Release;
		};
		7E91E40C15927C15005104AF /* Build configuration list for PBXNativeTarget "Mobill" */ = {
			isa = XCConfigurationList;
			buildConfigurations = (
				7E91E40D15927C15005104AF /* Debug */,
				7E91E40E15927C15005104AF /* Release */,
			);
			defaultConfigurationIsVisible = 0;
			defaultConfigurationName = Release;
		};
/* End XCConfigurationList section */
	};
	rootObject = 7E91E3E215927C15005104AF /* Project object */;
}
